
Microsoft Visual Studio Solution File, Format Version 12.00
# Visual Studio Version 18
VisualStudioVersion = 18.3.11520.95
MinimumVisualStudioVersion = 10.0.40219.1
Project("{2150E333-8FDC-42A3-9474-1A3956D46DE8}") = "Solution Items", "Solution Items", "{8EC462FD-D22E-90A8-E5CE-7E832BA40C5D}"
	ProjectSection(SolutionItems) = preProject
		PLANNING.md = PLANNING.md
	EndProjectSection
EndProject
Project("{2150E333-8FDC-42A3-9474-1A3956D46DE8}") = "src", "src", "{827E0CD3-B72D-47B6-A68D-7590B98EB39B}"
EndProject
Project("{2150E333-8FDC-42A3-9474-1A3956D46DE8}") = "Core", "Core", "{8D626EA8-CB54-BC41-363A-217881BEBA6E}"
EndProject
Project("{FAE04EC0-301F-11D3-BF4B-00C04F79EFBC}") = "DotNetCloud.Core", "src\Core\DotNetCloud.Core\DotNetCloud.Core.csproj", "{0C18A4EA-7422-4DE0-BB79-6C8E6A5A85C2}"
EndProject
Project("{FAE04EC0-301F-11D3-BF4B-00C04F79EFBC}") = "DotNetCloud.Core.ServiceDefaults", "src\Core\DotNetCloud.Core.ServiceDefaults\DotNetCloud.Core.ServiceDefaults.csproj", "{5A31CDEA-7572-48C5-B489-185277905D5F}"
EndProject
Project("{FAE04EC0-301F-11D3-BF4B-00C04F79EFBC}") = "DotNetCloud.Core.Data", "src\Core\DotNetCloud.Core.Data\DotNetCloud.Core.Data.csproj", "{18985743-F350-4356-BB7B-30ED15A0E659}"
EndProject
Project("{FAE04EC0-301F-11D3-BF4B-00C04F79EFBC}") = "DotNetCloud.Core.Auth", "src\Core\DotNetCloud.Core.Auth\DotNetCloud.Core.Auth.csproj", "{D45190BB-6641-4C70-8BE0-5534ACA247D7}"
EndProject
Project("{2150E333-8FDC-42A3-9474-1A3956D46DE8}") = "tests", "tests", "{0AB3BF05-4346-4AA6-1389-037BE0695223}"
EndProject
Project("{FAE04EC0-301F-11D3-BF4B-00C04F79EFBC}") = "DotNetCloud.Core.Tests", "tests\DotNetCloud.Core.Tests\DotNetCloud.Core.Tests.csproj", "{01956BAC-29C5-498F-A516-E6C199753263}"
EndProject
Project("{FAE04EC0-301F-11D3-BF4B-00C04F79EFBC}") = "DotNetCloud.Core.Data.Tests", "tests\DotNetCloud.Core.Data.Tests\DotNetCloud.Core.Data.Tests.csproj", "{00A90E19-79E1-40A8-96E6-FFFE39C0D5C1}"
EndProject
Project("{FAE04EC0-301F-11D3-BF4B-00C04F79EFBC}") = "DotNetCloud.Core.Auth.Tests", "tests\DotNetCloud.Core.Auth.Tests\DotNetCloud.Core.Auth.Tests.csproj", "{A2A6FBC6-DE26-4D99-9B21-7206E6AB5190}"
EndProject
Project("{FAE04EC0-301F-11D3-BF4B-00C04F79EFBC}") = "DotNetCloud.Core.Grpc", "src\Core\DotNetCloud.Core.Grpc\DotNetCloud.Core.Grpc.csproj", "{FA794DA6-DA5E-4677-AC1B-B7A676EBC8D9}"
EndProject
Project("{FAE04EC0-301F-11D3-BF4B-00C04F79EFBC}") = "DotNetCloud.Core.Server", "src\Core\DotNetCloud.Core.Server\DotNetCloud.Core.Server.csproj", "{93BD7A56-D6E3-4E70-A6D9-3D9920F65622}"
EndProject
Project("{FAE04EC0-301F-11D3-BF4B-00C04F79EFBC}") = "DotNetCloud.Core.Server.Tests", "tests\DotNetCloud.Core.Server.Tests\DotNetCloud.Core.Server.Tests.csproj", "{F0F9645F-AAD9-465B-A251-EA59BBF96CA1}"
EndProject
Project("{2150E333-8FDC-42A3-9474-1A3956D46DE8}") = "UI", "UI", "{BBB7B94B-6E11-D9F1-7BA6-9ECA82DB22BF}"
EndProject
Project("{FAE04EC0-301F-11D3-BF4B-00C04F79EFBC}") = "DotNetCloud.UI.Web", "src\UI\DotNetCloud.UI.Web\DotNetCloud.UI.Web.csproj", "{003E4091-F66D-4C85-9EFC-46BBAB02A791}"
EndProject
Project("{FAE04EC0-301F-11D3-BF4B-00C04F79EFBC}") = "DotNetCloud.UI.Web.Client", "src\UI\DotNetCloud.UI.Web.Client\DotNetCloud.UI.Web.Client.csproj", "{1C9018ED-3F6A-49BD-B464-28F6E4C84EA4}"
EndProject
Project("{FAE04EC0-301F-11D3-BF4B-00C04F79EFBC}") = "DotNetCloud.UI.Shared", "src\UI\DotNetCloud.UI.Shared\DotNetCloud.UI.Shared.csproj", "{6FF83546-25EF-413D-B840-29933E5F8BF3}"
EndProject
Project("{2150E333-8FDC-42A3-9474-1A3956D46DE8}") = "CLI", "CLI", "{778427DF-EB2C-5228-964E-6D535DE253CA}"
EndProject
Project("{FAE04EC0-301F-11D3-BF4B-00C04F79EFBC}") = "DotNetCloud.CLI", "src\CLI\DotNetCloud.CLI\DotNetCloud.CLI.csproj", "{F072040C-801B-4C45-9364-B50B5221A734}"
EndProject
Project("{FAE04EC0-301F-11D3-BF4B-00C04F79EFBC}") = "DotNetCloud.CLI.Tests", "tests\DotNetCloud.CLI.Tests\DotNetCloud.CLI.Tests.csproj", "{F3FB2A60-723D-4254-AF53-6198F437956F}"
EndProject
Project("{2150E333-8FDC-42A3-9474-1A3956D46DE8}") = "Modules", "Modules", "{EC447DCF-ABFA-6E24-52A5-D7FD48A5C558}"
EndProject
Project("{2150E333-8FDC-42A3-9474-1A3956D46DE8}") = "Example", "Example", "{24F28DB0-32C4-F3BC-40FC-585FC5DDCEFD}"
EndProject
Project("{FAE04EC0-301F-11D3-BF4B-00C04F79EFBC}") = "DotNetCloud.Modules.Example", "src\Modules\Example\DotNetCloud.Modules.Example\DotNetCloud.Modules.Example.csproj", "{4F890741-2642-4328-A3EC-025EFFAD4C20}"
EndProject
Project("{FAE04EC0-301F-11D3-BF4B-00C04F79EFBC}") = "DotNetCloud.Modules.Example.Data", "src\Modules\Example\DotNetCloud.Modules.Example.Data\DotNetCloud.Modules.Example.Data.csproj", "{53955E91-B9EA-4949-951E-47130A031818}"
EndProject
Project("{FAE04EC0-301F-11D3-BF4B-00C04F79EFBC}") = "DotNetCloud.Modules.Example.Host", "src\Modules\Example\DotNetCloud.Modules.Example.Host\DotNetCloud.Modules.Example.Host.csproj", "{6E5F67F2-EE17-4AD8-9D94-643E731A08D9}"
EndProject
Project("{FAE04EC0-301F-11D3-BF4B-00C04F79EFBC}") = "DotNetCloud.Modules.Example.Tests", "tests\DotNetCloud.Modules.Example.Tests\DotNetCloud.Modules.Example.Tests.csproj", "{1D01618D-B0DA-4C6D-B67B-3A606E22E2F0}"
EndProject
Project("{FAE04EC0-301F-11D3-BF4B-00C04F79EFBC}") = "DotNetCloud.Integration.Tests", "tests\DotNetCloud.Integration.Tests\DotNetCloud.Integration.Tests.csproj", "{52AE7A66-615E-42B4-A27C-BD5A531DB324}"
EndProject
Project("{2150E333-8FDC-42A3-9474-1A3956D46DE8}") = "Files", "Files", "{5E5414C4-745C-10B3-C49B-D38F53A77034}"
EndProject
Project("{FAE04EC0-301F-11D3-BF4B-00C04F79EFBC}") = "DotNetCloud.Modules.Files", "src\Modules\Files\DotNetCloud.Modules.Files\DotNetCloud.Modules.Files.csproj", "{91DE1EA5-CA7A-4524-91E3-1EDA44CA3A5A}"
EndProject
Project("{FAE04EC0-301F-11D3-BF4B-00C04F79EFBC}") = "DotNetCloud.Modules.Files.Data", "src\Modules\Files\DotNetCloud.Modules.Files.Data\DotNetCloud.Modules.Files.Data.csproj", "{70D1CDA8-8424-4E3A-BCE1-1C485B64B46D}"
EndProject
Project("{FAE04EC0-301F-11D3-BF4B-00C04F79EFBC}") = "DotNetCloud.Modules.Files.Host", "src\Modules\Files\DotNetCloud.Modules.Files.Host\DotNetCloud.Modules.Files.Host.csproj", "{AAECCC2C-C048-4995-9064-1E835507051C}"
EndProject
Project("{FAE04EC0-301F-11D3-BF4B-00C04F79EFBC}") = "DotNetCloud.Modules.Files.Tests", "tests\DotNetCloud.Modules.Files.Tests\DotNetCloud.Modules.Files.Tests.csproj", "{021B1413-FA72-4B9C-A677-40857D51BC55}"
EndProject
Project("{2150E333-8FDC-42A3-9474-1A3956D46DE8}") = "Chat", "Chat", "{06A38725-C107-8416-62C6-3CAB91983C18}"
EndProject
Project("{FAE04EC0-301F-11D3-BF4B-00C04F79EFBC}") = "DotNetCloud.Modules.Chat", "src\Modules\Chat\DotNetCloud.Modules.Chat\DotNetCloud.Modules.Chat.csproj", "{76587075-4091-4A77-A7AC-EAB0D8BF51CA}"
EndProject
Project("{FAE04EC0-301F-11D3-BF4B-00C04F79EFBC}") = "DotNetCloud.Modules.Chat.Data", "src\Modules\Chat\DotNetCloud.Modules.Chat.Data\DotNetCloud.Modules.Chat.Data.csproj", "{920225BF-076C-457C-A182-2615E973A602}"
EndProject
Project("{FAE04EC0-301F-11D3-BF4B-00C04F79EFBC}") = "DotNetCloud.Modules.Chat.Host", "src\Modules\Chat\DotNetCloud.Modules.Chat.Host\DotNetCloud.Modules.Chat.Host.csproj", "{AEBE0C47-911B-465C-B635-7A70C842E2AC}"
EndProject
Project("{FAE04EC0-301F-11D3-BF4B-00C04F79EFBC}") = "DotNetCloud.Modules.Chat.Tests", "tests\DotNetCloud.Modules.Chat.Tests\DotNetCloud.Modules.Chat.Tests.csproj", "{5EABD645-0505-4A71-994A-A4C1E1681C08}"
EndProject
Project("{2150E333-8FDC-42A3-9474-1A3956D46DE8}") = "Clients", "Clients", "{00B920E4-100F-D869-D8B1-04B3A2ED45DA}"
EndProject
Project("{FAE04EC0-301F-11D3-BF4B-00C04F79EFBC}") = "DotNetCloud.Client.Core", "src\Clients\DotNetCloud.Client.Core\DotNetCloud.Client.Core.csproj", "{2DBD689E-A2C2-4864-A957-3ADC63A71164}"
EndProject
Project("{FAE04EC0-301F-11D3-BF4B-00C04F79EFBC}") = "DotNetCloud.Client.Core.Tests", "tests\DotNetCloud.Client.Core.Tests\DotNetCloud.Client.Core.Tests.csproj", "{A4F3DBD8-1C0D-41DB-8304-FC27F21EE1F3}"
EndProject
Project("{2150E333-8FDC-42A3-9474-1A3956D46DE8}") = "Clients", "Clients", "{9123F88B-E531-3118-42D7-ED8CEF4BD00E}"
EndProject
Project("{FAE04EC0-301F-11D3-BF4B-00C04F79EFBC}") = "DotNetCloud.Client.SyncService", "src\Clients\DotNetCloud.Client.SyncService\DotNetCloud.Client.SyncService.csproj", "{BA4FD5F2-CC9D-4ECB-93BD-5AC34BC26A04}"
EndProject
Project("{FAE04EC0-301F-11D3-BF4B-00C04F79EFBC}") = "DotNetCloud.Client.SyncService.Tests", "tests\DotNetCloud.Client.SyncService.Tests\DotNetCloud.Client.SyncService.Tests.csproj", "{54206FCA-8528-4202-B5ED-72056095BA9B}"
EndProject
Project("{FAE04EC0-301F-11D3-BF4B-00C04F79EFBC}") = "DotNetCloud.Client.SyncTray", "src\Clients\DotNetCloud.Client.SyncTray\DotNetCloud.Client.SyncTray.csproj", "{EC0688F9-AD2A-44A6-B1B1-915D21BB0188}"
EndProject
Project("{FAE04EC0-301F-11D3-BF4B-00C04F79EFBC}") = "DotNetCloud.Client.SyncTray.Tests", "tests\DotNetCloud.Client.SyncTray.Tests\DotNetCloud.Client.SyncTray.Tests.csproj", "{36C2BD0B-895E-4239-9A81-E3CBCA52E38E}"
EndProject
Project("{FAE04EC0-301F-11D3-BF4B-00C04F79EFBC}") = "DotNetCloud.Client.Android", "src\Clients\DotNetCloud.Client.Android\DotNetCloud.Client.Android.csproj", "{E690EC81-2F95-41FE-9AF6-AFC9F1886308}"
EndProject
Project("{FAE04EC0-301F-11D3-BF4B-00C04F79EFBC}") = "DotNetCloud.Client.Android.Tests", "tests\DotNetCloud.Client.Android.Tests\DotNetCloud.Client.Android.Tests.csproj", "{C0A40EF8-909F-4F9A-955E-AB564DD2EDCD}"
EndProject
Project("{2150E333-8FDC-42A3-9474-1A3956D46DE8}") = "Modules", "Modules", "{CA253913-39DE-BFD0-C9A3-4B7EC6FBDF17}"
EndProject
Project("{2150E333-8FDC-42A3-9474-1A3956D46DE8}") = "Contacts", "Contacts", "{72BBEB8E-CAF0-8DD3-D98D-0C65BF6155EE}"
EndProject
Project("{FAE04EC0-301F-11D3-BF4B-00C04F79EFBC}") = "DotNetCloud.Modules.Contacts", "src\Modules\Contacts\DotNetCloud.Modules.Contacts\DotNetCloud.Modules.Contacts.csproj", "{0D0AF069-311D-4218-A73C-A67BB4A14609}"
EndProject
Project("{FAE04EC0-301F-11D3-BF4B-00C04F79EFBC}") = "DotNetCloud.Modules.Contacts.Data", "src\Modules\Contacts\DotNetCloud.Modules.Contacts.Data\DotNetCloud.Modules.Contacts.Data.csproj", "{4A76B5F6-A95A-4185-B712-678B8B95026E}"
EndProject
Project("{FAE04EC0-301F-11D3-BF4B-00C04F79EFBC}") = "DotNetCloud.Modules.Contacts.Host", "src\Modules\Contacts\DotNetCloud.Modules.Contacts.Host\DotNetCloud.Modules.Contacts.Host.csproj", "{A9BF92D0-60DA-4BBF-A927-BAD1AC07E58B}"
EndProject
Project("{FAE04EC0-301F-11D3-BF4B-00C04F79EFBC}") = "DotNetCloud.Modules.Contacts.Tests", "tests\DotNetCloud.Modules.Contacts.Tests\DotNetCloud.Modules.Contacts.Tests.csproj", "{0DB1AC06-D1BD-42F2-B1D4-12229357A4E0}"
EndProject
Project("{2150E333-8FDC-42A3-9474-1A3956D46DE8}") = "Calendar", "Calendar", "{07FA420D-2907-57EF-713B-52CD3FBE2C68}"
EndProject
Project("{FAE04EC0-301F-11D3-BF4B-00C04F79EFBC}") = "DotNetCloud.Modules.Calendar", "src\Modules\Calendar\DotNetCloud.Modules.Calendar\DotNetCloud.Modules.Calendar.csproj", "{0818D309-418E-43D9-A998-72440A613E63}"
EndProject
Project("{FAE04EC0-301F-11D3-BF4B-00C04F79EFBC}") = "DotNetCloud.Modules.Calendar.Data", "src\Modules\Calendar\DotNetCloud.Modules.Calendar.Data\DotNetCloud.Modules.Calendar.Data.csproj", "{063666AC-6FFF-4C81-A796-102B19BF926E}"
EndProject
Project("{FAE04EC0-301F-11D3-BF4B-00C04F79EFBC}") = "DotNetCloud.Modules.Calendar.Host", "src\Modules\Calendar\DotNetCloud.Modules.Calendar.Host\DotNetCloud.Modules.Calendar.Host.csproj", "{99DB7E15-B350-4EE5-BB55-48EDA40F8276}"
EndProject
Project("{FAE04EC0-301F-11D3-BF4B-00C04F79EFBC}") = "DotNetCloud.Modules.Calendar.Tests", "tests\DotNetCloud.Modules.Calendar.Tests\DotNetCloud.Modules.Calendar.Tests.csproj", "{BC974E12-560F-4F82-A1AD-0694CFD5C97D}"
EndProject
Project("{2150E333-8FDC-42A3-9474-1A3956D46DE8}") = "Notes", "Notes", "{3A371114-0357-C99C-83E4-6460BEE3239F}"
EndProject
Project("{FAE04EC0-301F-11D3-BF4B-00C04F79EFBC}") = "DotNetCloud.Modules.Notes", "src\Modules\Notes\DotNetCloud.Modules.Notes\DotNetCloud.Modules.Notes.csproj", "{62ECDE50-9E99-4F03-BB78-51823C198D07}"
EndProject
Project("{FAE04EC0-301F-11D3-BF4B-00C04F79EFBC}") = "DotNetCloud.Modules.Notes.Data", "src\Modules\Notes\DotNetCloud.Modules.Notes.Data\DotNetCloud.Modules.Notes.Data.csproj", "{00000CBB-11E6-4111-AD34-E8695DF9AF8E}"
EndProject
Project("{FAE04EC0-301F-11D3-BF4B-00C04F79EFBC}") = "DotNetCloud.Modules.Notes.Host", "src\Modules\Notes\DotNetCloud.Modules.Notes.Host\DotNetCloud.Modules.Notes.Host.csproj", "{F5BAFA28-7835-495A-9690-B9F147839377}"
EndProject
Project("{FAE04EC0-301F-11D3-BF4B-00C04F79EFBC}") = "DotNetCloud.Modules.Notes.Tests", "tests\DotNetCloud.Modules.Notes.Tests\DotNetCloud.Modules.Notes.Tests.csproj", "{50E2CE58-F7C7-4A39-9994-ABAEA3260B9E}"
EndProject
Project("{FAE04EC0-301F-11D3-BF4B-00C04F79EFBC}") = "DotNetCloud.Core.Data.SqlServer", "src\Core\DotNetCloud.Core.Data.SqlServer\DotNetCloud.Core.Data.SqlServer.csproj", "{3FB7E06C-6811-4154-BA3B-2396528253C9}"
EndProject
Project("{FAE04EC0-301F-11D3-BF4B-00C04F79EFBC}") = "DotNetCloud.Modules.Calendar.Data.SqlServer", "src\Modules\Calendar\DotNetCloud.Modules.Calendar.Data.SqlServer\DotNetCloud.Modules.Calendar.Data.SqlServer.csproj", "{6C5ED878-B8BB-4740-BF83-08153D8929E5}"
EndProject
Project("{2150E333-8FDC-42A3-9474-1A3956D46DE8}") = "Contacts", "Contacts", "{A5184081-C298-9467-D182-E9016AE72437}"
EndProject
Project("{FAE04EC0-301F-11D3-BF4B-00C04F79EFBC}") = "DotNetCloud.Modules.Contacts.Data.SqlServer", "src\Modules\Contacts\DotNetCloud.Modules.Contacts.Data.SqlServer\DotNetCloud.Modules.Contacts.Data.SqlServer.csproj", "{F670B98E-C86A-4AF0-8605-F78BB2AE8B28}"
EndProject
Project("{FAE04EC0-301F-11D3-BF4B-00C04F79EFBC}") = "DotNetCloud.Modules.Notes.Data.SqlServer", "src\Modules\Notes\DotNetCloud.Modules.Notes.Data.SqlServer\DotNetCloud.Modules.Notes.Data.SqlServer.csproj", "{FBB91C20-BCBC-45F3-AC70-E76B0A7A7024}"
EndProject
Global
	GlobalSection(SolutionConfigurationPlatforms) = preSolution
		Debug|Any CPU = Debug|Any CPU
		Debug|x64 = Debug|x64
		Debug|x86 = Debug|x86
		Release|Any CPU = Release|Any CPU
		Release|x64 = Release|x64
		Release|x86 = Release|x86
	EndGlobalSection
	GlobalSection(ProjectConfigurationPlatforms) = postSolution
		{0C18A4EA-7422-4DE0-BB79-6C8E6A5A85C2}.Debug|Any CPU.ActiveCfg = Debug|Any CPU
		{0C18A4EA-7422-4DE0-BB79-6C8E6A5A85C2}.Debug|Any CPU.Build.0 = Debug|Any CPU
		{0C18A4EA-7422-4DE0-BB79-6C8E6A5A85C2}.Debug|x64.ActiveCfg = Debug|Any CPU
		{0C18A4EA-7422-4DE0-BB79-6C8E6A5A85C2}.Debug|x64.Build.0 = Debug|Any CPU
		{0C18A4EA-7422-4DE0-BB79-6C8E6A5A85C2}.Debug|x86.ActiveCfg = Debug|Any CPU
		{0C18A4EA-7422-4DE0-BB79-6C8E6A5A85C2}.Debug|x86.Build.0 = Debug|Any CPU
		{0C18A4EA-7422-4DE0-BB79-6C8E6A5A85C2}.Release|Any CPU.ActiveCfg = Release|Any CPU
		{0C18A4EA-7422-4DE0-BB79-6C8E6A5A85C2}.Release|Any CPU.Build.0 = Release|Any CPU
		{0C18A4EA-7422-4DE0-BB79-6C8E6A5A85C2}.Release|x64.ActiveCfg = Release|Any CPU
		{0C18A4EA-7422-4DE0-BB79-6C8E6A5A85C2}.Release|x64.Build.0 = Release|Any CPU
		{0C18A4EA-7422-4DE0-BB79-6C8E6A5A85C2}.Release|x86.ActiveCfg = Release|Any CPU
		{0C18A4EA-7422-4DE0-BB79-6C8E6A5A85C2}.Release|x86.Build.0 = Release|Any CPU
		{5A31CDEA-7572-48C5-B489-185277905D5F}.Debug|Any CPU.ActiveCfg = Debug|Any CPU
		{5A31CDEA-7572-48C5-B489-185277905D5F}.Debug|Any CPU.Build.0 = Debug|Any CPU
		{5A31CDEA-7572-48C5-B489-185277905D5F}.Debug|x64.ActiveCfg = Debug|Any CPU
		{5A31CDEA-7572-48C5-B489-185277905D5F}.Debug|x64.Build.0 = Debug|Any CPU
		{5A31CDEA-7572-48C5-B489-185277905D5F}.Debug|x86.ActiveCfg = Debug|Any CPU
		{5A31CDEA-7572-48C5-B489-185277905D5F}.Debug|x86.Build.0 = Debug|Any CPU
		{5A31CDEA-7572-48C5-B489-185277905D5F}.Release|Any CPU.ActiveCfg = Release|Any CPU
		{5A31CDEA-7572-48C5-B489-185277905D5F}.Release|Any CPU.Build.0 = Release|Any CPU
		{5A31CDEA-7572-48C5-B489-185277905D5F}.Release|x64.ActiveCfg = Release|Any CPU
		{5A31CDEA-7572-48C5-B489-185277905D5F}.Release|x64.Build.0 = Release|Any CPU
		{5A31CDEA-7572-48C5-B489-185277905D5F}.Release|x86.ActiveCfg = Release|Any CPU
		{5A31CDEA-7572-48C5-B489-185277905D5F}.Release|x86.Build.0 = Release|Any CPU
		{18985743-F350-4356-BB7B-30ED15A0E659}.Debug|Any CPU.ActiveCfg = Debug|Any CPU
		{18985743-F350-4356-BB7B-30ED15A0E659}.Debug|Any CPU.Build.0 = Debug|Any CPU
		{18985743-F350-4356-BB7B-30ED15A0E659}.Debug|x64.ActiveCfg = Debug|Any CPU
		{18985743-F350-4356-BB7B-30ED15A0E659}.Debug|x64.Build.0 = Debug|Any CPU
		{18985743-F350-4356-BB7B-30ED15A0E659}.Debug|x86.ActiveCfg = Debug|Any CPU
		{18985743-F350-4356-BB7B-30ED15A0E659}.Debug|x86.Build.0 = Debug|Any CPU
		{18985743-F350-4356-BB7B-30ED15A0E659}.Release|Any CPU.ActiveCfg = Release|Any CPU
		{18985743-F350-4356-BB7B-30ED15A0E659}.Release|Any CPU.Build.0 = Release|Any CPU
		{18985743-F350-4356-BB7B-30ED15A0E659}.Release|x64.ActiveCfg = Release|Any CPU
		{18985743-F350-4356-BB7B-30ED15A0E659}.Release|x64.Build.0 = Release|Any CPU
		{18985743-F350-4356-BB7B-30ED15A0E659}.Release|x86.ActiveCfg = Release|Any CPU
		{18985743-F350-4356-BB7B-30ED15A0E659}.Release|x86.Build.0 = Release|Any CPU
		{D45190BB-6641-4C70-8BE0-5534ACA247D7}.Debug|Any CPU.ActiveCfg = Debug|Any CPU
		{D45190BB-6641-4C70-8BE0-5534ACA247D7}.Debug|Any CPU.Build.0 = Debug|Any CPU
		{D45190BB-6641-4C70-8BE0-5534ACA247D7}.Debug|x64.ActiveCfg = Debug|Any CPU
		{D45190BB-6641-4C70-8BE0-5534ACA247D7}.Debug|x64.Build.0 = Debug|Any CPU
		{D45190BB-6641-4C70-8BE0-5534ACA247D7}.Debug|x86.ActiveCfg = Debug|Any CPU
		{D45190BB-6641-4C70-8BE0-5534ACA247D7}.Debug|x86.Build.0 = Debug|Any CPU
		{D45190BB-6641-4C70-8BE0-5534ACA247D7}.Release|Any CPU.ActiveCfg = Release|Any CPU
		{D45190BB-6641-4C70-8BE0-5534ACA247D7}.Release|Any CPU.Build.0 = Release|Any CPU
		{D45190BB-6641-4C70-8BE0-5534ACA247D7}.Release|x64.ActiveCfg = Release|Any CPU
		{D45190BB-6641-4C70-8BE0-5534ACA247D7}.Release|x64.Build.0 = Release|Any CPU
		{D45190BB-6641-4C70-8BE0-5534ACA247D7}.Release|x86.ActiveCfg = Release|Any CPU
		{D45190BB-6641-4C70-8BE0-5534ACA247D7}.Release|x86.Build.0 = Release|Any CPU
		{01956BAC-29C5-498F-A516-E6C199753263}.Debug|Any CPU.ActiveCfg = Debug|Any CPU
		{01956BAC-29C5-498F-A516-E6C199753263}.Debug|Any CPU.Build.0 = Debug|Any CPU
		{01956BAC-29C5-498F-A516-E6C199753263}.Debug|x64.ActiveCfg = Debug|Any CPU
		{01956BAC-29C5-498F-A516-E6C199753263}.Debug|x64.Build.0 = Debug|Any CPU
		{01956BAC-29C5-498F-A516-E6C199753263}.Debug|x86.ActiveCfg = Debug|Any CPU
		{01956BAC-29C5-498F-A516-E6C199753263}.Debug|x86.Build.0 = Debug|Any CPU
		{01956BAC-29C5-498F-A516-E6C199753263}.Release|Any CPU.ActiveCfg = Release|Any CPU
		{01956BAC-29C5-498F-A516-E6C199753263}.Release|Any CPU.Build.0 = Release|Any CPU
		{01956BAC-29C5-498F-A516-E6C199753263}.Release|x64.ActiveCfg = Release|Any CPU
		{01956BAC-29C5-498F-A516-E6C199753263}.Release|x64.Build.0 = Release|Any CPU
		{01956BAC-29C5-498F-A516-E6C199753263}.Release|x86.ActiveCfg = Release|Any CPU
		{01956BAC-29C5-498F-A516-E6C199753263}.Release|x86.Build.0 = Release|Any CPU
		{00A90E19-79E1-40A8-96E6-FFFE39C0D5C1}.Debug|Any CPU.ActiveCfg = Debug|Any CPU
		{00A90E19-79E1-40A8-96E6-FFFE39C0D5C1}.Debug|Any CPU.Build.0 = Debug|Any CPU
		{00A90E19-79E1-40A8-96E6-FFFE39C0D5C1}.Debug|x64.ActiveCfg = Debug|Any CPU
		{00A90E19-79E1-40A8-96E6-FFFE39C0D5C1}.Debug|x64.Build.0 = Debug|Any CPU
		{00A90E19-79E1-40A8-96E6-FFFE39C0D5C1}.Debug|x86.ActiveCfg = Debug|Any CPU
		{00A90E19-79E1-40A8-96E6-FFFE39C0D5C1}.Debug|x86.Build.0 = Debug|Any CPU
		{00A90E19-79E1-40A8-96E6-FFFE39C0D5C1}.Release|Any CPU.ActiveCfg = Release|Any CPU
		{00A90E19-79E1-40A8-96E6-FFFE39C0D5C1}.Release|Any CPU.Build.0 = Release|Any CPU
		{00A90E19-79E1-40A8-96E6-FFFE39C0D5C1}.Release|x64.ActiveCfg = Release|Any CPU
		{00A90E19-79E1-40A8-96E6-FFFE39C0D5C1}.Release|x64.Build.0 = Release|Any CPU
		{00A90E19-79E1-40A8-96E6-FFFE39C0D5C1}.Release|x86.ActiveCfg = Release|Any CPU
		{00A90E19-79E1-40A8-96E6-FFFE39C0D5C1}.Release|x86.Build.0 = Release|Any CPU
		{A2A6FBC6-DE26-4D99-9B21-7206E6AB5190}.Debug|Any CPU.ActiveCfg = Debug|Any CPU
		{A2A6FBC6-DE26-4D99-9B21-7206E6AB5190}.Debug|Any CPU.Build.0 = Debug|Any CPU
		{A2A6FBC6-DE26-4D99-9B21-7206E6AB5190}.Debug|x64.ActiveCfg = Debug|Any CPU
		{A2A6FBC6-DE26-4D99-9B21-7206E6AB5190}.Debug|x64.Build.0 = Debug|Any CPU
		{A2A6FBC6-DE26-4D99-9B21-7206E6AB5190}.Debug|x86.ActiveCfg = Debug|Any CPU
		{A2A6FBC6-DE26-4D99-9B21-7206E6AB5190}.Debug|x86.Build.0 = Debug|Any CPU
		{A2A6FBC6-DE26-4D99-9B21-7206E6AB5190}.Release|Any CPU.ActiveCfg = Release|Any CPU
		{A2A6FBC6-DE26-4D99-9B21-7206E6AB5190}.Release|Any CPU.Build.0 = Release|Any CPU
		{A2A6FBC6-DE26-4D99-9B21-7206E6AB5190}.Release|x64.ActiveCfg = Release|Any CPU
		{A2A6FBC6-DE26-4D99-9B21-7206E6AB5190}.Release|x64.Build.0 = Release|Any CPU
		{A2A6FBC6-DE26-4D99-9B21-7206E6AB5190}.Release|x86.ActiveCfg = Release|Any CPU
		{A2A6FBC6-DE26-4D99-9B21-7206E6AB5190}.Release|x86.Build.0 = Release|Any CPU
		{FA794DA6-DA5E-4677-AC1B-B7A676EBC8D9}.Debug|Any CPU.ActiveCfg = Debug|Any CPU
		{FA794DA6-DA5E-4677-AC1B-B7A676EBC8D9}.Debug|Any CPU.Build.0 = Debug|Any CPU
		{FA794DA6-DA5E-4677-AC1B-B7A676EBC8D9}.Debug|x64.ActiveCfg = Debug|Any CPU
		{FA794DA6-DA5E-4677-AC1B-B7A676EBC8D9}.Debug|x64.Build.0 = Debug|Any CPU
		{FA794DA6-DA5E-4677-AC1B-B7A676EBC8D9}.Debug|x86.ActiveCfg = Debug|Any CPU
		{FA794DA6-DA5E-4677-AC1B-B7A676EBC8D9}.Debug|x86.Build.0 = Debug|Any CPU
		{FA794DA6-DA5E-4677-AC1B-B7A676EBC8D9}.Release|Any CPU.ActiveCfg = Release|Any CPU
		{FA794DA6-DA5E-4677-AC1B-B7A676EBC8D9}.Release|Any CPU.Build.0 = Release|Any CPU
		{FA794DA6-DA5E-4677-AC1B-B7A676EBC8D9}.Release|x64.ActiveCfg = Release|Any CPU
		{FA794DA6-DA5E-4677-AC1B-B7A676EBC8D9}.Release|x64.Build.0 = Release|Any CPU
		{FA794DA6-DA5E-4677-AC1B-B7A676EBC8D9}.Release|x86.ActiveCfg = Release|Any CPU
		{FA794DA6-DA5E-4677-AC1B-B7A676EBC8D9}.Release|x86.Build.0 = Release|Any CPU
		{93BD7A56-D6E3-4E70-A6D9-3D9920F65622}.Debug|Any CPU.ActiveCfg = Debug|Any CPU
		{93BD7A56-D6E3-4E70-A6D9-3D9920F65622}.Debug|Any CPU.Build.0 = Debug|Any CPU
		{93BD7A56-D6E3-4E70-A6D9-3D9920F65622}.Debug|x64.ActiveCfg = Debug|Any CPU
		{93BD7A56-D6E3-4E70-A6D9-3D9920F65622}.Debug|x64.Build.0 = Debug|Any CPU
		{93BD7A56-D6E3-4E70-A6D9-3D9920F65622}.Debug|x86.ActiveCfg = Debug|Any CPU
		{93BD7A56-D6E3-4E70-A6D9-3D9920F65622}.Debug|x86.Build.0 = Debug|Any CPU
		{93BD7A56-D6E3-4E70-A6D9-3D9920F65622}.Release|Any CPU.ActiveCfg = Release|Any CPU
		{93BD7A56-D6E3-4E70-A6D9-3D9920F65622}.Release|Any CPU.Build.0 = Release|Any CPU
		{93BD7A56-D6E3-4E70-A6D9-3D9920F65622}.Release|x64.ActiveCfg = Release|Any CPU
		{93BD7A56-D6E3-4E70-A6D9-3D9920F65622}.Release|x64.Build.0 = Release|Any CPU
		{93BD7A56-D6E3-4E70-A6D9-3D9920F65622}.Release|x86.ActiveCfg = Release|Any CPU
		{93BD7A56-D6E3-4E70-A6D9-3D9920F65622}.Release|x86.Build.0 = Release|Any CPU
		{F0F9645F-AAD9-465B-A251-EA59BBF96CA1}.Debug|Any CPU.ActiveCfg = Debug|Any CPU
		{F0F9645F-AAD9-465B-A251-EA59BBF96CA1}.Debug|Any CPU.Build.0 = Debug|Any CPU
		{F0F9645F-AAD9-465B-A251-EA59BBF96CA1}.Debug|x64.ActiveCfg = Debug|Any CPU
		{F0F9645F-AAD9-465B-A251-EA59BBF96CA1}.Debug|x64.Build.0 = Debug|Any CPU
		{F0F9645F-AAD9-465B-A251-EA59BBF96CA1}.Debug|x86.ActiveCfg = Debug|Any CPU
		{F0F9645F-AAD9-465B-A251-EA59BBF96CA1}.Debug|x86.Build.0 = Debug|Any CPU
		{F0F9645F-AAD9-465B-A251-EA59BBF96CA1}.Release|Any CPU.ActiveCfg = Release|Any CPU
		{F0F9645F-AAD9-465B-A251-EA59BBF96CA1}.Release|Any CPU.Build.0 = Release|Any CPU
		{F0F9645F-AAD9-465B-A251-EA59BBF96CA1}.Release|x64.ActiveCfg = Release|Any CPU
		{F0F9645F-AAD9-465B-A251-EA59BBF96CA1}.Release|x64.Build.0 = Release|Any CPU
		{F0F9645F-AAD9-465B-A251-EA59BBF96CA1}.Release|x86.ActiveCfg = Release|Any CPU
		{F0F9645F-AAD9-465B-A251-EA59BBF96CA1}.Release|x86.Build.0 = Release|Any CPU
		{003E4091-F66D-4C85-9EFC-46BBAB02A791}.Debug|Any CPU.ActiveCfg = Debug|Any CPU
		{003E4091-F66D-4C85-9EFC-46BBAB02A791}.Debug|Any CPU.Build.0 = Debug|Any CPU
		{003E4091-F66D-4C85-9EFC-46BBAB02A791}.Debug|x64.ActiveCfg = Debug|Any CPU
		{003E4091-F66D-4C85-9EFC-46BBAB02A791}.Debug|x64.Build.0 = Debug|Any CPU
		{003E4091-F66D-4C85-9EFC-46BBAB02A791}.Debug|x86.ActiveCfg = Debug|Any CPU
		{003E4091-F66D-4C85-9EFC-46BBAB02A791}.Debug|x86.Build.0 = Debug|Any CPU
		{003E4091-F66D-4C85-9EFC-46BBAB02A791}.Release|Any CPU.ActiveCfg = Release|Any CPU
		{003E4091-F66D-4C85-9EFC-46BBAB02A791}.Release|Any CPU.Build.0 = Release|Any CPU
		{003E4091-F66D-4C85-9EFC-46BBAB02A791}.Release|x64.ActiveCfg = Release|Any CPU
		{003E4091-F66D-4C85-9EFC-46BBAB02A791}.Release|x64.Build.0 = Release|Any CPU
		{003E4091-F66D-4C85-9EFC-46BBAB02A791}.Release|x86.ActiveCfg = Release|Any CPU
		{003E4091-F66D-4C85-9EFC-46BBAB02A791}.Release|x86.Build.0 = Release|Any CPU
		{1C9018ED-3F6A-49BD-B464-28F6E4C84EA4}.Debug|Any CPU.ActiveCfg = Debug|Any CPU
		{1C9018ED-3F6A-49BD-B464-28F6E4C84EA4}.Debug|Any CPU.Build.0 = Debug|Any CPU
		{1C9018ED-3F6A-49BD-B464-28F6E4C84EA4}.Debug|x64.ActiveCfg = Debug|Any CPU
		{1C9018ED-3F6A-49BD-B464-28F6E4C84EA4}.Debug|x64.Build.0 = Debug|Any CPU
		{1C9018ED-3F6A-49BD-B464-28F6E4C84EA4}.Debug|x86.ActiveCfg = Debug|Any CPU
		{1C9018ED-3F6A-49BD-B464-28F6E4C84EA4}.Debug|x86.Build.0 = Debug|Any CPU
		{1C9018ED-3F6A-49BD-B464-28F6E4C84EA4}.Release|Any CPU.ActiveCfg = Release|Any CPU
		{1C9018ED-3F6A-49BD-B464-28F6E4C84EA4}.Release|Any CPU.Build.0 = Release|Any CPU
		{1C9018ED-3F6A-49BD-B464-28F6E4C84EA4}.Release|x64.ActiveCfg = Release|Any CPU
		{1C9018ED-3F6A-49BD-B464-28F6E4C84EA4}.Release|x64.Build.0 = Release|Any CPU
		{1C9018ED-3F6A-49BD-B464-28F6E4C84EA4}.Release|x86.ActiveCfg = Release|Any CPU
		{1C9018ED-3F6A-49BD-B464-28F6E4C84EA4}.Release|x86.Build.0 = Release|Any CPU
		{6FF83546-25EF-413D-B840-29933E5F8BF3}.Debug|Any CPU.ActiveCfg = Debug|Any CPU
		{6FF83546-25EF-413D-B840-29933E5F8BF3}.Debug|Any CPU.Build.0 = Debug|Any CPU
		{6FF83546-25EF-413D-B840-29933E5F8BF3}.Debug|x64.ActiveCfg = Debug|Any CPU
		{6FF83546-25EF-413D-B840-29933E5F8BF3}.Debug|x64.Build.0 = Debug|Any CPU
		{6FF83546-25EF-413D-B840-29933E5F8BF3}.Debug|x86.ActiveCfg = Debug|Any CPU
		{6FF83546-25EF-413D-B840-29933E5F8BF3}.Debug|x86.Build.0 = Debug|Any CPU
		{6FF83546-25EF-413D-B840-29933E5F8BF3}.Release|Any CPU.ActiveCfg = Release|Any CPU
		{6FF83546-25EF-413D-B840-29933E5F8BF3}.Release|Any CPU.Build.0 = Release|Any CPU
		{6FF83546-25EF-413D-B840-29933E5F8BF3}.Release|x64.ActiveCfg = Release|Any CPU
		{6FF83546-25EF-413D-B840-29933E5F8BF3}.Release|x64.Build.0 = Release|Any CPU
		{6FF83546-25EF-413D-B840-29933E5F8BF3}.Release|x86.ActiveCfg = Release|Any CPU
		{6FF83546-25EF-413D-B840-29933E5F8BF3}.Release|x86.Build.0 = Release|Any CPU
		{F072040C-801B-4C45-9364-B50B5221A734}.Debug|Any CPU.ActiveCfg = Debug|Any CPU
		{F072040C-801B-4C45-9364-B50B5221A734}.Debug|Any CPU.Build.0 = Debug|Any CPU
		{F072040C-801B-4C45-9364-B50B5221A734}.Debug|x64.ActiveCfg = Debug|Any CPU
		{F072040C-801B-4C45-9364-B50B5221A734}.Debug|x64.Build.0 = Debug|Any CPU
		{F072040C-801B-4C45-9364-B50B5221A734}.Debug|x86.ActiveCfg = Debug|Any CPU
		{F072040C-801B-4C45-9364-B50B5221A734}.Debug|x86.Build.0 = Debug|Any CPU
		{F072040C-801B-4C45-9364-B50B5221A734}.Release|Any CPU.ActiveCfg = Release|Any CPU
		{F072040C-801B-4C45-9364-B50B5221A734}.Release|Any CPU.Build.0 = Release|Any CPU
		{F072040C-801B-4C45-9364-B50B5221A734}.Release|x64.ActiveCfg = Release|Any CPU
		{F072040C-801B-4C45-9364-B50B5221A734}.Release|x64.Build.0 = Release|Any CPU
		{F072040C-801B-4C45-9364-B50B5221A734}.Release|x86.ActiveCfg = Release|Any CPU
		{F072040C-801B-4C45-9364-B50B5221A734}.Release|x86.Build.0 = Release|Any CPU
		{F3FB2A60-723D-4254-AF53-6198F437956F}.Debug|Any CPU.ActiveCfg = Debug|Any CPU
		{F3FB2A60-723D-4254-AF53-6198F437956F}.Debug|Any CPU.Build.0 = Debug|Any CPU
		{F3FB2A60-723D-4254-AF53-6198F437956F}.Debug|x64.ActiveCfg = Debug|Any CPU
		{F3FB2A60-723D-4254-AF53-6198F437956F}.Debug|x64.Build.0 = Debug|Any CPU
		{F3FB2A60-723D-4254-AF53-6198F437956F}.Debug|x86.ActiveCfg = Debug|Any CPU
		{F3FB2A60-723D-4254-AF53-6198F437956F}.Debug|x86.Build.0 = Debug|Any CPU
		{F3FB2A60-723D-4254-AF53-6198F437956F}.Release|Any CPU.ActiveCfg = Release|Any CPU
		{F3FB2A60-723D-4254-AF53-6198F437956F}.Release|Any CPU.Build.0 = Release|Any CPU
		{F3FB2A60-723D-4254-AF53-6198F437956F}.Release|x64.ActiveCfg = Release|Any CPU
		{F3FB2A60-723D-4254-AF53-6198F437956F}.Release|x64.Build.0 = Release|Any CPU
		{F3FB2A60-723D-4254-AF53-6198F437956F}.Release|x86.ActiveCfg = Release|Any CPU
		{F3FB2A60-723D-4254-AF53-6198F437956F}.Release|x86.Build.0 = Release|Any CPU
		{4F890741-2642-4328-A3EC-025EFFAD4C20}.Debug|Any CPU.ActiveCfg = Debug|Any CPU
		{4F890741-2642-4328-A3EC-025EFFAD4C20}.Debug|Any CPU.Build.0 = Debug|Any CPU
		{4F890741-2642-4328-A3EC-025EFFAD4C20}.Debug|x64.ActiveCfg = Debug|Any CPU
		{4F890741-2642-4328-A3EC-025EFFAD4C20}.Debug|x64.Build.0 = Debug|Any CPU
		{4F890741-2642-4328-A3EC-025EFFAD4C20}.Debug|x86.ActiveCfg = Debug|Any CPU
		{4F890741-2642-4328-A3EC-025EFFAD4C20}.Debug|x86.Build.0 = Debug|Any CPU
		{4F890741-2642-4328-A3EC-025EFFAD4C20}.Release|Any CPU.ActiveCfg = Release|Any CPU
		{4F890741-2642-4328-A3EC-025EFFAD4C20}.Release|Any CPU.Build.0 = Release|Any CPU
		{4F890741-2642-4328-A3EC-025EFFAD4C20}.Release|x64.ActiveCfg = Release|Any CPU
		{4F890741-2642-4328-A3EC-025EFFAD4C20}.Release|x64.Build.0 = Release|Any CPU
		{4F890741-2642-4328-A3EC-025EFFAD4C20}.Release|x86.ActiveCfg = Release|Any CPU
		{4F890741-2642-4328-A3EC-025EFFAD4C20}.Release|x86.Build.0 = Release|Any CPU
		{53955E91-B9EA-4949-951E-47130A031818}.Debug|Any CPU.ActiveCfg = Debug|Any CPU
		{53955E91-B9EA-4949-951E-47130A031818}.Debug|Any CPU.Build.0 = Debug|Any CPU
		{53955E91-B9EA-4949-951E-47130A031818}.Debug|x64.ActiveCfg = Debug|Any CPU
		{53955E91-B9EA-4949-951E-47130A031818}.Debug|x64.Build.0 = Debug|Any CPU
		{53955E91-B9EA-4949-951E-47130A031818}.Debug|x86.ActiveCfg = Debug|Any CPU
		{53955E91-B9EA-4949-951E-47130A031818}.Debug|x86.Build.0 = Debug|Any CPU
		{53955E91-B9EA-4949-951E-47130A031818}.Release|Any CPU.ActiveCfg = Release|Any CPU
		{53955E91-B9EA-4949-951E-47130A031818}.Release|Any CPU.Build.0 = Release|Any CPU
		{53955E91-B9EA-4949-951E-47130A031818}.Release|x64.ActiveCfg = Release|Any CPU
		{53955E91-B9EA-4949-951E-47130A031818}.Release|x64.Build.0 = Release|Any CPU
		{53955E91-B9EA-4949-951E-47130A031818}.Release|x86.ActiveCfg = Release|Any CPU
		{53955E91-B9EA-4949-951E-47130A031818}.Release|x86.Build.0 = Release|Any CPU
		{6E5F67F2-EE17-4AD8-9D94-643E731A08D9}.Debug|Any CPU.ActiveCfg = Debug|Any CPU
		{6E5F67F2-EE17-4AD8-9D94-643E731A08D9}.Debug|Any CPU.Build.0 = Debug|Any CPU
		{6E5F67F2-EE17-4AD8-9D94-643E731A08D9}.Debug|x64.ActiveCfg = Debug|Any CPU
		{6E5F67F2-EE17-4AD8-9D94-643E731A08D9}.Debug|x64.Build.0 = Debug|Any CPU
		{6E5F67F2-EE17-4AD8-9D94-643E731A08D9}.Debug|x86.ActiveCfg = Debug|Any CPU
		{6E5F67F2-EE17-4AD8-9D94-643E731A08D9}.Debug|x86.Build.0 = Debug|Any CPU
		{6E5F67F2-EE17-4AD8-9D94-643E731A08D9}.Release|Any CPU.ActiveCfg = Release|Any CPU
		{6E5F67F2-EE17-4AD8-9D94-643E731A08D9}.Release|Any CPU.Build.0 = Release|Any CPU
		{6E5F67F2-EE17-4AD8-9D94-643E731A08D9}.Release|x64.ActiveCfg = Release|Any CPU
		{6E5F67F2-EE17-4AD8-9D94-643E731A08D9}.Release|x64.Build.0 = Release|Any CPU
		{6E5F67F2-EE17-4AD8-9D94-643E731A08D9}.Release|x86.ActiveCfg = Release|Any CPU
		{6E5F67F2-EE17-4AD8-9D94-643E731A08D9}.Release|x86.Build.0 = Release|Any CPU
		{1D01618D-B0DA-4C6D-B67B-3A606E22E2F0}.Debug|Any CPU.ActiveCfg = Debug|Any CPU
		{1D01618D-B0DA-4C6D-B67B-3A606E22E2F0}.Debug|Any CPU.Build.0 = Debug|Any CPU
		{1D01618D-B0DA-4C6D-B67B-3A606E22E2F0}.Debug|x64.ActiveCfg = Debug|Any CPU
		{1D01618D-B0DA-4C6D-B67B-3A606E22E2F0}.Debug|x64.Build.0 = Debug|Any CPU
		{1D01618D-B0DA-4C6D-B67B-3A606E22E2F0}.Debug|x86.ActiveCfg = Debug|Any CPU
		{1D01618D-B0DA-4C6D-B67B-3A606E22E2F0}.Debug|x86.Build.0 = Debug|Any CPU
		{1D01618D-B0DA-4C6D-B67B-3A606E22E2F0}.Release|Any CPU.ActiveCfg = Release|Any CPU
		{1D01618D-B0DA-4C6D-B67B-3A606E22E2F0}.Release|Any CPU.Build.0 = Release|Any CPU
		{1D01618D-B0DA-4C6D-B67B-3A606E22E2F0}.Release|x64.ActiveCfg = Release|Any CPU
		{1D01618D-B0DA-4C6D-B67B-3A606E22E2F0}.Release|x64.Build.0 = Release|Any CPU
		{1D01618D-B0DA-4C6D-B67B-3A606E22E2F0}.Release|x86.ActiveCfg = Release|Any CPU
		{1D01618D-B0DA-4C6D-B67B-3A606E22E2F0}.Release|x86.Build.0 = Release|Any CPU
		{52AE7A66-615E-42B4-A27C-BD5A531DB324}.Debug|Any CPU.ActiveCfg = Debug|Any CPU
		{52AE7A66-615E-42B4-A27C-BD5A531DB324}.Debug|Any CPU.Build.0 = Debug|Any CPU
		{52AE7A66-615E-42B4-A27C-BD5A531DB324}.Debug|x64.ActiveCfg = Debug|Any CPU
		{52AE7A66-615E-42B4-A27C-BD5A531DB324}.Debug|x64.Build.0 = Debug|Any CPU
		{52AE7A66-615E-42B4-A27C-BD5A531DB324}.Debug|x86.ActiveCfg = Debug|Any CPU
		{52AE7A66-615E-42B4-A27C-BD5A531DB324}.Debug|x86.Build.0 = Debug|Any CPU
		{52AE7A66-615E-42B4-A27C-BD5A531DB324}.Release|Any CPU.ActiveCfg = Release|Any CPU
		{52AE7A66-615E-42B4-A27C-BD5A531DB324}.Release|Any CPU.Build.0 = Release|Any CPU
		{52AE7A66-615E-42B4-A27C-BD5A531DB324}.Release|x64.ActiveCfg = Release|Any CPU
		{52AE7A66-615E-42B4-A27C-BD5A531DB324}.Release|x64.Build.0 = Release|Any CPU
		{52AE7A66-615E-42B4-A27C-BD5A531DB324}.Release|x86.ActiveCfg = Release|Any CPU
		{52AE7A66-615E-42B4-A27C-BD5A531DB324}.Release|x86.Build.0 = Release|Any CPU
		{91DE1EA5-CA7A-4524-91E3-1EDA44CA3A5A}.Debug|Any CPU.ActiveCfg = Debug|Any CPU
		{91DE1EA5-CA7A-4524-91E3-1EDA44CA3A5A}.Debug|Any CPU.Build.0 = Debug|Any CPU
		{91DE1EA5-CA7A-4524-91E3-1EDA44CA3A5A}.Debug|x64.ActiveCfg = Debug|Any CPU
		{91DE1EA5-CA7A-4524-91E3-1EDA44CA3A5A}.Debug|x64.Build.0 = Debug|Any CPU
		{91DE1EA5-CA7A-4524-91E3-1EDA44CA3A5A}.Debug|x86.ActiveCfg = Debug|Any CPU
		{91DE1EA5-CA7A-4524-91E3-1EDA44CA3A5A}.Debug|x86.Build.0 = Debug|Any CPU
		{91DE1EA5-CA7A-4524-91E3-1EDA44CA3A5A}.Release|Any CPU.ActiveCfg = Release|Any CPU
		{91DE1EA5-CA7A-4524-91E3-1EDA44CA3A5A}.Release|Any CPU.Build.0 = Release|Any CPU
		{91DE1EA5-CA7A-4524-91E3-1EDA44CA3A5A}.Release|x64.ActiveCfg = Release|Any CPU
		{91DE1EA5-CA7A-4524-91E3-1EDA44CA3A5A}.Release|x64.Build.0 = Release|Any CPU
		{91DE1EA5-CA7A-4524-91E3-1EDA44CA3A5A}.Release|x86.ActiveCfg = Release|Any CPU
		{91DE1EA5-CA7A-4524-91E3-1EDA44CA3A5A}.Release|x86.Build.0 = Release|Any CPU
		{70D1CDA8-8424-4E3A-BCE1-1C485B64B46D}.Debug|Any CPU.ActiveCfg = Debug|Any CPU
		{70D1CDA8-8424-4E3A-BCE1-1C485B64B46D}.Debug|Any CPU.Build.0 = Debug|Any CPU
		{70D1CDA8-8424-4E3A-BCE1-1C485B64B46D}.Debug|x64.ActiveCfg = Debug|Any CPU
		{70D1CDA8-8424-4E3A-BCE1-1C485B64B46D}.Debug|x64.Build.0 = Debug|Any CPU
		{70D1CDA8-8424-4E3A-BCE1-1C485B64B46D}.Debug|x86.ActiveCfg = Debug|Any CPU
		{70D1CDA8-8424-4E3A-BCE1-1C485B64B46D}.Debug|x86.Build.0 = Debug|Any CPU
		{70D1CDA8-8424-4E3A-BCE1-1C485B64B46D}.Release|Any CPU.ActiveCfg = Release|Any CPU
		{70D1CDA8-8424-4E3A-BCE1-1C485B64B46D}.Release|Any CPU.Build.0 = Release|Any CPU
		{70D1CDA8-8424-4E3A-BCE1-1C485B64B46D}.Release|x64.ActiveCfg = Release|Any CPU
		{70D1CDA8-8424-4E3A-BCE1-1C485B64B46D}.Release|x64.Build.0 = Release|Any CPU
		{70D1CDA8-8424-4E3A-BCE1-1C485B64B46D}.Release|x86.ActiveCfg = Release|Any CPU
		{70D1CDA8-8424-4E3A-BCE1-1C485B64B46D}.Release|x86.Build.0 = Release|Any CPU
		{AAECCC2C-C048-4995-9064-1E835507051C}.Debug|Any CPU.ActiveCfg = Debug|Any CPU
		{AAECCC2C-C048-4995-9064-1E835507051C}.Debug|Any CPU.Build.0 = Debug|Any CPU
		{AAECCC2C-C048-4995-9064-1E835507051C}.Debug|x64.ActiveCfg = Debug|Any CPU
		{AAECCC2C-C048-4995-9064-1E835507051C}.Debug|x64.Build.0 = Debug|Any CPU
		{AAECCC2C-C048-4995-9064-1E835507051C}.Debug|x86.ActiveCfg = Debug|Any CPU
		{AAECCC2C-C048-4995-9064-1E835507051C}.Debug|x86.Build.0 = Debug|Any CPU
		{AAECCC2C-C048-4995-9064-1E835507051C}.Release|Any CPU.ActiveCfg = Release|Any CPU
		{AAECCC2C-C048-4995-9064-1E835507051C}.Release|Any CPU.Build.0 = Release|Any CPU
		{AAECCC2C-C048-4995-9064-1E835507051C}.Release|x64.ActiveCfg = Release|Any CPU
		{AAECCC2C-C048-4995-9064-1E835507051C}.Release|x64.Build.0 = Release|Any CPU
		{AAECCC2C-C048-4995-9064-1E835507051C}.Release|x86.ActiveCfg = Release|Any CPU
		{AAECCC2C-C048-4995-9064-1E835507051C}.Release|x86.Build.0 = Release|Any CPU
		{021B1413-FA72-4B9C-A677-40857D51BC55}.Debug|Any CPU.ActiveCfg = Debug|Any CPU
		{021B1413-FA72-4B9C-A677-40857D51BC55}.Debug|Any CPU.Build.0 = Debug|Any CPU
		{021B1413-FA72-4B9C-A677-40857D51BC55}.Debug|x64.ActiveCfg = Debug|Any CPU
		{021B1413-FA72-4B9C-A677-40857D51BC55}.Debug|x64.Build.0 = Debug|Any CPU
		{021B1413-FA72-4B9C-A677-40857D51BC55}.Debug|x86.ActiveCfg = Debug|Any CPU
		{021B1413-FA72-4B9C-A677-40857D51BC55}.Debug|x86.Build.0 = Debug|Any CPU
		{021B1413-FA72-4B9C-A677-40857D51BC55}.Release|Any CPU.ActiveCfg = Release|Any CPU
		{021B1413-FA72-4B9C-A677-40857D51BC55}.Release|Any CPU.Build.0 = Release|Any CPU
		{021B1413-FA72-4B9C-A677-40857D51BC55}.Release|x64.ActiveCfg = Release|Any CPU
		{021B1413-FA72-4B9C-A677-40857D51BC55}.Release|x64.Build.0 = Release|Any CPU
		{021B1413-FA72-4B9C-A677-40857D51BC55}.Release|x86.ActiveCfg = Release|Any CPU
		{021B1413-FA72-4B9C-A677-40857D51BC55}.Release|x86.Build.0 = Release|Any CPU
		{76587075-4091-4A77-A7AC-EAB0D8BF51CA}.Debug|Any CPU.ActiveCfg = Debug|Any CPU
		{76587075-4091-4A77-A7AC-EAB0D8BF51CA}.Debug|Any CPU.Build.0 = Debug|Any CPU
		{76587075-4091-4A77-A7AC-EAB0D8BF51CA}.Debug|x64.ActiveCfg = Debug|Any CPU
		{76587075-4091-4A77-A7AC-EAB0D8BF51CA}.Debug|x64.Build.0 = Debug|Any CPU
		{76587075-4091-4A77-A7AC-EAB0D8BF51CA}.Debug|x86.ActiveCfg = Debug|Any CPU
		{76587075-4091-4A77-A7AC-EAB0D8BF51CA}.Debug|x86.Build.0 = Debug|Any CPU
		{76587075-4091-4A77-A7AC-EAB0D8BF51CA}.Release|Any CPU.ActiveCfg = Release|Any CPU
		{76587075-4091-4A77-A7AC-EAB0D8BF51CA}.Release|Any CPU.Build.0 = Release|Any CPU
		{76587075-4091-4A77-A7AC-EAB0D8BF51CA}.Release|x64.ActiveCfg = Release|Any CPU
		{76587075-4091-4A77-A7AC-EAB0D8BF51CA}.Release|x64.Build.0 = Release|Any CPU
		{76587075-4091-4A77-A7AC-EAB0D8BF51CA}.Release|x86.ActiveCfg = Release|Any CPU
		{76587075-4091-4A77-A7AC-EAB0D8BF51CA}.Release|x86.Build.0 = Release|Any CPU
		{920225BF-076C-457C-A182-2615E973A602}.Debug|Any CPU.ActiveCfg = Debug|Any CPU
		{920225BF-076C-457C-A182-2615E973A602}.Debug|Any CPU.Build.0 = Debug|Any CPU
		{920225BF-076C-457C-A182-2615E973A602}.Debug|x64.ActiveCfg = Debug|Any CPU
		{920225BF-076C-457C-A182-2615E973A602}.Debug|x64.Build.0 = Debug|Any CPU
		{920225BF-076C-457C-A182-2615E973A602}.Debug|x86.ActiveCfg = Debug|Any CPU
		{920225BF-076C-457C-A182-2615E973A602}.Debug|x86.Build.0 = Debug|Any CPU
		{920225BF-076C-457C-A182-2615E973A602}.Release|Any CPU.ActiveCfg = Release|Any CPU
		{920225BF-076C-457C-A182-2615E973A602}.Release|Any CPU.Build.0 = Release|Any CPU
		{920225BF-076C-457C-A182-2615E973A602}.Release|x64.ActiveCfg = Release|Any CPU
		{920225BF-076C-457C-A182-2615E973A602}.Release|x64.Build.0 = Release|Any CPU
		{920225BF-076C-457C-A182-2615E973A602}.Release|x86.ActiveCfg = Release|Any CPU
		{920225BF-076C-457C-A182-2615E973A602}.Release|x86.Build.0 = Release|Any CPU
		{AEBE0C47-911B-465C-B635-7A70C842E2AC}.Debug|Any CPU.ActiveCfg = Debug|Any CPU
		{AEBE0C47-911B-465C-B635-7A70C842E2AC}.Debug|Any CPU.Build.0 = Debug|Any CPU
		{AEBE0C47-911B-465C-B635-7A70C842E2AC}.Debug|x64.ActiveCfg = Debug|Any CPU
		{AEBE0C47-911B-465C-B635-7A70C842E2AC}.Debug|x64.Build.0 = Debug|Any CPU
		{AEBE0C47-911B-465C-B635-7A70C842E2AC}.Debug|x86.ActiveCfg = Debug|Any CPU
		{AEBE0C47-911B-465C-B635-7A70C842E2AC}.Debug|x86.Build.0 = Debug|Any CPU
		{AEBE0C47-911B-465C-B635-7A70C842E2AC}.Release|Any CPU.ActiveCfg = Release|Any CPU
		{AEBE0C47-911B-465C-B635-7A70C842E2AC}.Release|Any CPU.Build.0 = Release|Any CPU
		{AEBE0C47-911B-465C-B635-7A70C842E2AC}.Release|x64.ActiveCfg = Release|Any CPU
		{AEBE0C47-911B-465C-B635-7A70C842E2AC}.Release|x64.Build.0 = Release|Any CPU
		{AEBE0C47-911B-465C-B635-7A70C842E2AC}.Release|x86.ActiveCfg = Release|Any CPU
		{AEBE0C47-911B-465C-B635-7A70C842E2AC}.Release|x86.Build.0 = Release|Any CPU
		{5EABD645-0505-4A71-994A-A4C1E1681C08}.Debug|Any CPU.ActiveCfg = Debug|Any CPU
		{5EABD645-0505-4A71-994A-A4C1E1681C08}.Debug|Any CPU.Build.0 = Debug|Any CPU
		{5EABD645-0505-4A71-994A-A4C1E1681C08}.Debug|x64.ActiveCfg = Debug|Any CPU
		{5EABD645-0505-4A71-994A-A4C1E1681C08}.Debug|x64.Build.0 = Debug|Any CPU
		{5EABD645-0505-4A71-994A-A4C1E1681C08}.Debug|x86.ActiveCfg = Debug|Any CPU
		{5EABD645-0505-4A71-994A-A4C1E1681C08}.Debug|x86.Build.0 = Debug|Any CPU
		{5EABD645-0505-4A71-994A-A4C1E1681C08}.Release|Any CPU.ActiveCfg = Release|Any CPU
		{5EABD645-0505-4A71-994A-A4C1E1681C08}.Release|Any CPU.Build.0 = Release|Any CPU
		{5EABD645-0505-4A71-994A-A4C1E1681C08}.Release|x64.ActiveCfg = Release|Any CPU
		{5EABD645-0505-4A71-994A-A4C1E1681C08}.Release|x64.Build.0 = Release|Any CPU
		{5EABD645-0505-4A71-994A-A4C1E1681C08}.Release|x86.ActiveCfg = Release|Any CPU
		{5EABD645-0505-4A71-994A-A4C1E1681C08}.Release|x86.Build.0 = Release|Any CPU
		{2DBD689E-A2C2-4864-A957-3ADC63A71164}.Debug|Any CPU.ActiveCfg = Debug|Any CPU
		{2DBD689E-A2C2-4864-A957-3ADC63A71164}.Debug|Any CPU.Build.0 = Debug|Any CPU
		{2DBD689E-A2C2-4864-A957-3ADC63A71164}.Debug|x64.ActiveCfg = Debug|Any CPU
		{2DBD689E-A2C2-4864-A957-3ADC63A71164}.Debug|x64.Build.0 = Debug|Any CPU
		{2DBD689E-A2C2-4864-A957-3ADC63A71164}.Debug|x86.ActiveCfg = Debug|Any CPU
		{2DBD689E-A2C2-4864-A957-3ADC63A71164}.Debug|x86.Build.0 = Debug|Any CPU
		{2DBD689E-A2C2-4864-A957-3ADC63A71164}.Release|Any CPU.ActiveCfg = Release|Any CPU
		{2DBD689E-A2C2-4864-A957-3ADC63A71164}.Release|Any CPU.Build.0 = Release|Any CPU
		{2DBD689E-A2C2-4864-A957-3ADC63A71164}.Release|x64.ActiveCfg = Release|Any CPU
		{2DBD689E-A2C2-4864-A957-3ADC63A71164}.Release|x64.Build.0 = Release|Any CPU
		{2DBD689E-A2C2-4864-A957-3ADC63A71164}.Release|x86.ActiveCfg = Release|Any CPU
		{2DBD689E-A2C2-4864-A957-3ADC63A71164}.Release|x86.Build.0 = Release|Any CPU
		{A4F3DBD8-1C0D-41DB-8304-FC27F21EE1F3}.Debug|Any CPU.ActiveCfg = Debug|Any CPU
		{A4F3DBD8-1C0D-41DB-8304-FC27F21EE1F3}.Debug|Any CPU.Build.0 = Debug|Any CPU
		{A4F3DBD8-1C0D-41DB-8304-FC27F21EE1F3}.Debug|x64.ActiveCfg = Debug|Any CPU
		{A4F3DBD8-1C0D-41DB-8304-FC27F21EE1F3}.Debug|x64.Build.0 = Debug|Any CPU
		{A4F3DBD8-1C0D-41DB-8304-FC27F21EE1F3}.Debug|x86.ActiveCfg = Debug|Any CPU
		{A4F3DBD8-1C0D-41DB-8304-FC27F21EE1F3}.Debug|x86.Build.0 = Debug|Any CPU
		{A4F3DBD8-1C0D-41DB-8304-FC27F21EE1F3}.Release|Any CPU.ActiveCfg = Release|Any CPU
		{A4F3DBD8-1C0D-41DB-8304-FC27F21EE1F3}.Release|Any CPU.Build.0 = Release|Any CPU
		{A4F3DBD8-1C0D-41DB-8304-FC27F21EE1F3}.Release|x64.ActiveCfg = Release|Any CPU
		{A4F3DBD8-1C0D-41DB-8304-FC27F21EE1F3}.Release|x64.Build.0 = Release|Any CPU
		{A4F3DBD8-1C0D-41DB-8304-FC27F21EE1F3}.Release|x86.ActiveCfg = Release|Any CPU
		{A4F3DBD8-1C0D-41DB-8304-FC27F21EE1F3}.Release|x86.Build.0 = Release|Any CPU
		{BA4FD5F2-CC9D-4ECB-93BD-5AC34BC26A04}.Debug|Any CPU.ActiveCfg = Debug|Any CPU
		{BA4FD5F2-CC9D-4ECB-93BD-5AC34BC26A04}.Debug|Any CPU.Build.0 = Debug|Any CPU
		{BA4FD5F2-CC9D-4ECB-93BD-5AC34BC26A04}.Debug|x64.ActiveCfg = Debug|Any CPU
		{BA4FD5F2-CC9D-4ECB-93BD-5AC34BC26A04}.Debug|x64.Build.0 = Debug|Any CPU
		{BA4FD5F2-CC9D-4ECB-93BD-5AC34BC26A04}.Debug|x86.ActiveCfg = Debug|Any CPU
		{BA4FD5F2-CC9D-4ECB-93BD-5AC34BC26A04}.Debug|x86.Build.0 = Debug|Any CPU
		{BA4FD5F2-CC9D-4ECB-93BD-5AC34BC26A04}.Release|Any CPU.ActiveCfg = Release|Any CPU
		{BA4FD5F2-CC9D-4ECB-93BD-5AC34BC26A04}.Release|Any CPU.Build.0 = Release|Any CPU
		{BA4FD5F2-CC9D-4ECB-93BD-5AC34BC26A04}.Release|x64.ActiveCfg = Release|Any CPU
		{BA4FD5F2-CC9D-4ECB-93BD-5AC34BC26A04}.Release|x64.Build.0 = Release|Any CPU
		{BA4FD5F2-CC9D-4ECB-93BD-5AC34BC26A04}.Release|x86.ActiveCfg = Release|Any CPU
		{BA4FD5F2-CC9D-4ECB-93BD-5AC34BC26A04}.Release|x86.Build.0 = Release|Any CPU
		{54206FCA-8528-4202-B5ED-72056095BA9B}.Debug|Any CPU.ActiveCfg = Debug|Any CPU
		{54206FCA-8528-4202-B5ED-72056095BA9B}.Debug|Any CPU.Build.0 = Debug|Any CPU
		{54206FCA-8528-4202-B5ED-72056095BA9B}.Debug|x64.ActiveCfg = Debug|Any CPU
		{54206FCA-8528-4202-B5ED-72056095BA9B}.Debug|x64.Build.0 = Debug|Any CPU
		{54206FCA-8528-4202-B5ED-72056095BA9B}.Debug|x86.ActiveCfg = Debug|Any CPU
		{54206FCA-8528-4202-B5ED-72056095BA9B}.Debug|x86.Build.0 = Debug|Any CPU
		{54206FCA-8528-4202-B5ED-72056095BA9B}.Release|Any CPU.ActiveCfg = Release|Any CPU
		{54206FCA-8528-4202-B5ED-72056095BA9B}.Release|Any CPU.Build.0 = Release|Any CPU
		{54206FCA-8528-4202-B5ED-72056095BA9B}.Release|x64.ActiveCfg = Release|Any CPU
		{54206FCA-8528-4202-B5ED-72056095BA9B}.Release|x64.Build.0 = Release|Any CPU
		{54206FCA-8528-4202-B5ED-72056095BA9B}.Release|x86.ActiveCfg = Release|Any CPU
		{54206FCA-8528-4202-B5ED-72056095BA9B}.Release|x86.Build.0 = Release|Any CPU
		{EC0688F9-AD2A-44A6-B1B1-915D21BB0188}.Debug|Any CPU.ActiveCfg = Debug|Any CPU
		{EC0688F9-AD2A-44A6-B1B1-915D21BB0188}.Debug|Any CPU.Build.0 = Debug|Any CPU
		{EC0688F9-AD2A-44A6-B1B1-915D21BB0188}.Debug|x64.ActiveCfg = Debug|Any CPU
		{EC0688F9-AD2A-44A6-B1B1-915D21BB0188}.Debug|x64.Build.0 = Debug|Any CPU
		{EC0688F9-AD2A-44A6-B1B1-915D21BB0188}.Debug|x86.ActiveCfg = Debug|Any CPU
		{EC0688F9-AD2A-44A6-B1B1-915D21BB0188}.Debug|x86.Build.0 = Debug|Any CPU
		{EC0688F9-AD2A-44A6-B1B1-915D21BB0188}.Release|Any CPU.ActiveCfg = Release|Any CPU
		{EC0688F9-AD2A-44A6-B1B1-915D21BB0188}.Release|Any CPU.Build.0 = Release|Any CPU
		{EC0688F9-AD2A-44A6-B1B1-915D21BB0188}.Release|x64.ActiveCfg = Release|Any CPU
		{EC0688F9-AD2A-44A6-B1B1-915D21BB0188}.Release|x64.Build.0 = Release|Any CPU
		{EC0688F9-AD2A-44A6-B1B1-915D21BB0188}.Release|x86.ActiveCfg = Release|Any CPU
		{EC0688F9-AD2A-44A6-B1B1-915D21BB0188}.Release|x86.Build.0 = Release|Any CPU
		{36C2BD0B-895E-4239-9A81-E3CBCA52E38E}.Debug|Any CPU.ActiveCfg = Debug|Any CPU
		{36C2BD0B-895E-4239-9A81-E3CBCA52E38E}.Debug|Any CPU.Build.0 = Debug|Any CPU
		{36C2BD0B-895E-4239-9A81-E3CBCA52E38E}.Debug|x64.ActiveCfg = Debug|Any CPU
		{36C2BD0B-895E-4239-9A81-E3CBCA52E38E}.Debug|x64.Build.0 = Debug|Any CPU
		{36C2BD0B-895E-4239-9A81-E3CBCA52E38E}.Debug|x86.ActiveCfg = Debug|Any CPU
		{36C2BD0B-895E-4239-9A81-E3CBCA52E38E}.Debug|x86.Build.0 = Debug|Any CPU
		{36C2BD0B-895E-4239-9A81-E3CBCA52E38E}.Release|Any CPU.ActiveCfg = Release|Any CPU
		{36C2BD0B-895E-4239-9A81-E3CBCA52E38E}.Release|Any CPU.Build.0 = Release|Any CPU
		{36C2BD0B-895E-4239-9A81-E3CBCA52E38E}.Release|x64.ActiveCfg = Release|Any CPU
		{36C2BD0B-895E-4239-9A81-E3CBCA52E38E}.Release|x64.Build.0 = Release|Any CPU
		{36C2BD0B-895E-4239-9A81-E3CBCA52E38E}.Release|x86.ActiveCfg = Release|Any CPU
		{36C2BD0B-895E-4239-9A81-E3CBCA52E38E}.Release|x86.Build.0 = Release|Any CPU
		{E690EC81-2F95-41FE-9AF6-AFC9F1886308}.Debug|Any CPU.ActiveCfg = Debug|Any CPU
		{E690EC81-2F95-41FE-9AF6-AFC9F1886308}.Debug|Any CPU.Build.0 = Debug|Any CPU
		{E690EC81-2F95-41FE-9AF6-AFC9F1886308}.Debug|x64.ActiveCfg = Debug|Any CPU
		{E690EC81-2F95-41FE-9AF6-AFC9F1886308}.Debug|x64.Build.0 = Debug|Any CPU
		{E690EC81-2F95-41FE-9AF6-AFC9F1886308}.Debug|x86.ActiveCfg = Debug|Any CPU
		{E690EC81-2F95-41FE-9AF6-AFC9F1886308}.Debug|x86.Build.0 = Debug|Any CPU
		{E690EC81-2F95-41FE-9AF6-AFC9F1886308}.Release|Any CPU.ActiveCfg = Release|Any CPU
		{E690EC81-2F95-41FE-9AF6-AFC9F1886308}.Release|Any CPU.Build.0 = Release|Any CPU
		{E690EC81-2F95-41FE-9AF6-AFC9F1886308}.Release|x64.ActiveCfg = Release|Any CPU
		{E690EC81-2F95-41FE-9AF6-AFC9F1886308}.Release|x64.Build.0 = Release|Any CPU
		{E690EC81-2F95-41FE-9AF6-AFC9F1886308}.Release|x86.ActiveCfg = Release|Any CPU
		{E690EC81-2F95-41FE-9AF6-AFC9F1886308}.Release|x86.Build.0 = Release|Any CPU
		{C0A40EF8-909F-4F9A-955E-AB564DD2EDCD}.Debug|Any CPU.ActiveCfg = Debug|Any CPU
		{C0A40EF8-909F-4F9A-955E-AB564DD2EDCD}.Debug|Any CPU.Build.0 = Debug|Any CPU
		{C0A40EF8-909F-4F9A-955E-AB564DD2EDCD}.Debug|x64.ActiveCfg = Debug|Any CPU
		{C0A40EF8-909F-4F9A-955E-AB564DD2EDCD}.Debug|x64.Build.0 = Debug|Any CPU
		{C0A40EF8-909F-4F9A-955E-AB564DD2EDCD}.Debug|x86.ActiveCfg = Debug|Any CPU
		{C0A40EF8-909F-4F9A-955E-AB564DD2EDCD}.Debug|x86.Build.0 = Debug|Any CPU
		{C0A40EF8-909F-4F9A-955E-AB564DD2EDCD}.Release|Any CPU.ActiveCfg = Release|Any CPU
		{C0A40EF8-909F-4F9A-955E-AB564DD2EDCD}.Release|Any CPU.Build.0 = Release|Any CPU
		{C0A40EF8-909F-4F9A-955E-AB564DD2EDCD}.Release|x64.ActiveCfg = Release|Any CPU
		{C0A40EF8-909F-4F9A-955E-AB564DD2EDCD}.Release|x64.Build.0 = Release|Any CPU
		{C0A40EF8-909F-4F9A-955E-AB564DD2EDCD}.Release|x86.ActiveCfg = Release|Any CPU
		{C0A40EF8-909F-4F9A-955E-AB564DD2EDCD}.Release|x86.Build.0 = Release|Any CPU
		{0D0AF069-311D-4218-A73C-A67BB4A14609}.Debug|Any CPU.ActiveCfg = Debug|Any CPU
		{0D0AF069-311D-4218-A73C-A67BB4A14609}.Debug|Any CPU.Build.0 = Debug|Any CPU
		{0D0AF069-311D-4218-A73C-A67BB4A14609}.Debug|x64.ActiveCfg = Debug|Any CPU
		{0D0AF069-311D-4218-A73C-A67BB4A14609}.Debug|x64.Build.0 = Debug|Any CPU
		{0D0AF069-311D-4218-A73C-A67BB4A14609}.Debug|x86.ActiveCfg = Debug|Any CPU
		{0D0AF069-311D-4218-A73C-A67BB4A14609}.Debug|x86.Build.0 = Debug|Any CPU
		{0D0AF069-311D-4218-A73C-A67BB4A14609}.Release|Any CPU.ActiveCfg = Release|Any CPU
		{0D0AF069-311D-4218-A73C-A67BB4A14609}.Release|Any CPU.Build.0 = Release|Any CPU
		{0D0AF069-311D-4218-A73C-A67BB4A14609}.Release|x64.ActiveCfg = Release|Any CPU
		{0D0AF069-311D-4218-A73C-A67BB4A14609}.Release|x64.Build.0 = Release|Any CPU
		{0D0AF069-311D-4218-A73C-A67BB4A14609}.Release|x86.ActiveCfg = Release|Any CPU
		{0D0AF069-311D-4218-A73C-A67BB4A14609}.Release|x86.Build.0 = Release|Any CPU
		{4A76B5F6-A95A-4185-B712-678B8B95026E}.Debug|Any CPU.ActiveCfg = Debug|Any CPU
		{4A76B5F6-A95A-4185-B712-678B8B95026E}.Debug|Any CPU.Build.0 = Debug|Any CPU
		{4A76B5F6-A95A-4185-B712-678B8B95026E}.Debug|x64.ActiveCfg = Debug|Any CPU
		{4A76B5F6-A95A-4185-B712-678B8B95026E}.Debug|x64.Build.0 = Debug|Any CPU
		{4A76B5F6-A95A-4185-B712-678B8B95026E}.Debug|x86.ActiveCfg = Debug|Any CPU
		{4A76B5F6-A95A-4185-B712-678B8B95026E}.Debug|x86.Build.0 = Debug|Any CPU
		{4A76B5F6-A95A-4185-B712-678B8B95026E}.Release|Any CPU.ActiveCfg = Release|Any CPU
		{4A76B5F6-A95A-4185-B712-678B8B95026E}.Release|Any CPU.Build.0 = Release|Any CPU
		{4A76B5F6-A95A-4185-B712-678B8B95026E}.Release|x64.ActiveCfg = Release|Any CPU
		{4A76B5F6-A95A-4185-B712-678B8B95026E}.Release|x64.Build.0 = Release|Any CPU
		{4A76B5F6-A95A-4185-B712-678B8B95026E}.Release|x86.ActiveCfg = Release|Any CPU
		{4A76B5F6-A95A-4185-B712-678B8B95026E}.Release|x86.Build.0 = Release|Any CPU
		{A9BF92D0-60DA-4BBF-A927-BAD1AC07E58B}.Debug|Any CPU.ActiveCfg = Debug|Any CPU
		{A9BF92D0-60DA-4BBF-A927-BAD1AC07E58B}.Debug|Any CPU.Build.0 = Debug|Any CPU
		{A9BF92D0-60DA-4BBF-A927-BAD1AC07E58B}.Debug|x64.ActiveCfg = Debug|Any CPU
		{A9BF92D0-60DA-4BBF-A927-BAD1AC07E58B}.Debug|x64.Build.0 = Debug|Any CPU
		{A9BF92D0-60DA-4BBF-A927-BAD1AC07E58B}.Debug|x86.ActiveCfg = Debug|Any CPU
		{A9BF92D0-60DA-4BBF-A927-BAD1AC07E58B}.Debug|x86.Build.0 = Debug|Any CPU
		{A9BF92D0-60DA-4BBF-A927-BAD1AC07E58B}.Release|Any CPU.ActiveCfg = Release|Any CPU
		{A9BF92D0-60DA-4BBF-A927-BAD1AC07E58B}.Release|Any CPU.Build.0 = Release|Any CPU
		{A9BF92D0-60DA-4BBF-A927-BAD1AC07E58B}.Release|x64.ActiveCfg = Release|Any CPU
		{A9BF92D0-60DA-4BBF-A927-BAD1AC07E58B}.Release|x64.Build.0 = Release|Any CPU
		{A9BF92D0-60DA-4BBF-A927-BAD1AC07E58B}.Release|x86.ActiveCfg = Release|Any CPU
		{A9BF92D0-60DA-4BBF-A927-BAD1AC07E58B}.Release|x86.Build.0 = Release|Any CPU
		{0DB1AC06-D1BD-42F2-B1D4-12229357A4E0}.Debug|Any CPU.ActiveCfg = Debug|Any CPU
		{0DB1AC06-D1BD-42F2-B1D4-12229357A4E0}.Debug|Any CPU.Build.0 = Debug|Any CPU
		{0DB1AC06-D1BD-42F2-B1D4-12229357A4E0}.Debug|x64.ActiveCfg = Debug|Any CPU
		{0DB1AC06-D1BD-42F2-B1D4-12229357A4E0}.Debug|x64.Build.0 = Debug|Any CPU
		{0DB1AC06-D1BD-42F2-B1D4-12229357A4E0}.Debug|x86.ActiveCfg = Debug|Any CPU
		{0DB1AC06-D1BD-42F2-B1D4-12229357A4E0}.Debug|x86.Build.0 = Debug|Any CPU
		{0DB1AC06-D1BD-42F2-B1D4-12229357A4E0}.Release|Any CPU.ActiveCfg = Release|Any CPU
		{0DB1AC06-D1BD-42F2-B1D4-12229357A4E0}.Release|Any CPU.Build.0 = Release|Any CPU
		{0DB1AC06-D1BD-42F2-B1D4-12229357A4E0}.Release|x64.ActiveCfg = Release|Any CPU
		{0DB1AC06-D1BD-42F2-B1D4-12229357A4E0}.Release|x64.Build.0 = Release|Any CPU
		{0DB1AC06-D1BD-42F2-B1D4-12229357A4E0}.Release|x86.ActiveCfg = Release|Any CPU
		{0DB1AC06-D1BD-42F2-B1D4-12229357A4E0}.Release|x86.Build.0 = Release|Any CPU
		{0818D309-418E-43D9-A998-72440A613E63}.Debug|Any CPU.ActiveCfg = Debug|Any CPU
		{0818D309-418E-43D9-A998-72440A613E63}.Debug|Any CPU.Build.0 = Debug|Any CPU
		{0818D309-418E-43D9-A998-72440A613E63}.Debug|x64.ActiveCfg = Debug|Any CPU
		{0818D309-418E-43D9-A998-72440A613E63}.Debug|x64.Build.0 = Debug|Any CPU
		{0818D309-418E-43D9-A998-72440A613E63}.Debug|x86.ActiveCfg = Debug|Any CPU
		{0818D309-418E-43D9-A998-72440A613E63}.Debug|x86.Build.0 = Debug|Any CPU
		{0818D309-418E-43D9-A998-72440A613E63}.Release|Any CPU.ActiveCfg = Release|Any CPU
		{0818D309-418E-43D9-A998-72440A613E63}.Release|Any CPU.Build.0 = Release|Any CPU
		{0818D309-418E-43D9-A998-72440A613E63}.Release|x64.ActiveCfg = Release|Any CPU
		{0818D309-418E-43D9-A998-72440A613E63}.Release|x64.Build.0 = Release|Any CPU
		{0818D309-418E-43D9-A998-72440A613E63}.Release|x86.ActiveCfg = Release|Any CPU
		{0818D309-418E-43D9-A998-72440A613E63}.Release|x86.Build.0 = Release|Any CPU
		{063666AC-6FFF-4C81-A796-102B19BF926E}.Debug|Any CPU.ActiveCfg = Debug|Any CPU
		{063666AC-6FFF-4C81-A796-102B19BF926E}.Debug|Any CPU.Build.0 = Debug|Any CPU
		{063666AC-6FFF-4C81-A796-102B19BF926E}.Debug|x64.ActiveCfg = Debug|Any CPU
		{063666AC-6FFF-4C81-A796-102B19BF926E}.Debug|x64.Build.0 = Debug|Any CPU
		{063666AC-6FFF-4C81-A796-102B19BF926E}.Debug|x86.ActiveCfg = Debug|Any CPU
		{063666AC-6FFF-4C81-A796-102B19BF926E}.Debug|x86.Build.0 = Debug|Any CPU
		{063666AC-6FFF-4C81-A796-102B19BF926E}.Release|Any CPU.ActiveCfg = Release|Any CPU
		{063666AC-6FFF-4C81-A796-102B19BF926E}.Release|Any CPU.Build.0 = Release|Any CPU
		{063666AC-6FFF-4C81-A796-102B19BF926E}.Release|x64.ActiveCfg = Release|Any CPU
		{063666AC-6FFF-4C81-A796-102B19BF926E}.Release|x64.Build.0 = Release|Any CPU
		{063666AC-6FFF-4C81-A796-102B19BF926E}.Release|x86.ActiveCfg = Release|Any CPU
		{063666AC-6FFF-4C81-A796-102B19BF926E}.Release|x86.Build.0 = Release|Any CPU
		{99DB7E15-B350-4EE5-BB55-48EDA40F8276}.Debug|Any CPU.ActiveCfg = Debug|Any CPU
		{99DB7E15-B350-4EE5-BB55-48EDA40F8276}.Debug|Any CPU.Build.0 = Debug|Any CPU
		{99DB7E15-B350-4EE5-BB55-48EDA40F8276}.Debug|x64.ActiveCfg = Debug|Any CPU
		{99DB7E15-B350-4EE5-BB55-48EDA40F8276}.Debug|x64.Build.0 = Debug|Any CPU
		{99DB7E15-B350-4EE5-BB55-48EDA40F8276}.Debug|x86.ActiveCfg = Debug|Any CPU
		{99DB7E15-B350-4EE5-BB55-48EDA40F8276}.Debug|x86.Build.0 = Debug|Any CPU
		{99DB7E15-B350-4EE5-BB55-48EDA40F8276}.Release|Any CPU.ActiveCfg = Release|Any CPU
		{99DB7E15-B350-4EE5-BB55-48EDA40F8276}.Release|Any CPU.Build.0 = Release|Any CPU
		{99DB7E15-B350-4EE5-BB55-48EDA40F8276}.Release|x64.ActiveCfg = Release|Any CPU
		{99DB7E15-B350-4EE5-BB55-48EDA40F8276}.Release|x64.Build.0 = Release|Any CPU
		{99DB7E15-B350-4EE5-BB55-48EDA40F8276}.Release|x86.ActiveCfg = Release|Any CPU
		{99DB7E15-B350-4EE5-BB55-48EDA40F8276}.Release|x86.Build.0 = Release|Any CPU
		{BC974E12-560F-4F82-A1AD-0694CFD5C97D}.Debug|Any CPU.ActiveCfg = Debug|Any CPU
		{BC974E12-560F-4F82-A1AD-0694CFD5C97D}.Debug|Any CPU.Build.0 = Debug|Any CPU
		{BC974E12-560F-4F82-A1AD-0694CFD5C97D}.Debug|x64.ActiveCfg = Debug|Any CPU
		{BC974E12-560F-4F82-A1AD-0694CFD5C97D}.Debug|x64.Build.0 = Debug|Any CPU
		{BC974E12-560F-4F82-A1AD-0694CFD5C97D}.Debug|x86.ActiveCfg = Debug|Any CPU
		{BC974E12-560F-4F82-A1AD-0694CFD5C97D}.Debug|x86.Build.0 = Debug|Any CPU
		{BC974E12-560F-4F82-A1AD-0694CFD5C97D}.Release|Any CPU.ActiveCfg = Release|Any CPU
		{BC974E12-560F-4F82-A1AD-0694CFD5C97D}.Release|Any CPU.Build.0 = Release|Any CPU
		{BC974E12-560F-4F82-A1AD-0694CFD5C97D}.Release|x64.ActiveCfg = Release|Any CPU
		{BC974E12-560F-4F82-A1AD-0694CFD5C97D}.Release|x64.Build.0 = Release|Any CPU
		{BC974E12-560F-4F82-A1AD-0694CFD5C97D}.Release|x86.ActiveCfg = Release|Any CPU
		{BC974E12-560F-4F82-A1AD-0694CFD5C97D}.Release|x86.Build.0 = Release|Any CPU
		{62ECDE50-9E99-4F03-BB78-51823C198D07}.Debug|Any CPU.ActiveCfg = Debug|Any CPU
		{62ECDE50-9E99-4F03-BB78-51823C198D07}.Debug|Any CPU.Build.0 = Debug|Any CPU
		{62ECDE50-9E99-4F03-BB78-51823C198D07}.Debug|x64.ActiveCfg = Debug|Any CPU
		{62ECDE50-9E99-4F03-BB78-51823C198D07}.Debug|x64.Build.0 = Debug|Any CPU
		{62ECDE50-9E99-4F03-BB78-51823C198D07}.Debug|x86.ActiveCfg = Debug|Any CPU
		{62ECDE50-9E99-4F03-BB78-51823C198D07}.Debug|x86.Build.0 = Debug|Any CPU
		{62ECDE50-9E99-4F03-BB78-51823C198D07}.Release|Any CPU.ActiveCfg = Release|Any CPU
		{62ECDE50-9E99-4F03-BB78-51823C198D07}.Release|Any CPU.Build.0 = Release|Any CPU
		{62ECDE50-9E99-4F03-BB78-51823C198D07}.Release|x64.ActiveCfg = Release|Any CPU
		{62ECDE50-9E99-4F03-BB78-51823C198D07}.Release|x64.Build.0 = Release|Any CPU
		{62ECDE50-9E99-4F03-BB78-51823C198D07}.Release|x86.ActiveCfg = Release|Any CPU
		{62ECDE50-9E99-4F03-BB78-51823C198D07}.Release|x86.Build.0 = Release|Any CPU
		{00000CBB-11E6-4111-AD34-E8695DF9AF8E}.Debug|Any CPU.ActiveCfg = Debug|Any CPU
		{00000CBB-11E6-4111-AD34-E8695DF9AF8E}.Debug|Any CPU.Build.0 = Debug|Any CPU
		{00000CBB-11E6-4111-AD34-E8695DF9AF8E}.Debug|x64.ActiveCfg = Debug|Any CPU
		{00000CBB-11E6-4111-AD34-E8695DF9AF8E}.Debug|x64.Build.0 = Debug|Any CPU
		{00000CBB-11E6-4111-AD34-E8695DF9AF8E}.Debug|x86.ActiveCfg = Debug|Any CPU
		{00000CBB-11E6-4111-AD34-E8695DF9AF8E}.Debug|x86.Build.0 = Debug|Any CPU
		{00000CBB-11E6-4111-AD34-E8695DF9AF8E}.Release|Any CPU.ActiveCfg = Release|Any CPU
		{00000CBB-11E6-4111-AD34-E8695DF9AF8E}.Release|Any CPU.Build.0 = Release|Any CPU
		{00000CBB-11E6-4111-AD34-E8695DF9AF8E}.Release|x64.ActiveCfg = Release|Any CPU
		{00000CBB-11E6-4111-AD34-E8695DF9AF8E}.Release|x64.Build.0 = Release|Any CPU
		{00000CBB-11E6-4111-AD34-E8695DF9AF8E}.Release|x86.ActiveCfg = Release|Any CPU
		{00000CBB-11E6-4111-AD34-E8695DF9AF8E}.Release|x86.Build.0 = Release|Any CPU
		{F5BAFA28-7835-495A-9690-B9F147839377}.Debug|Any CPU.ActiveCfg = Debug|Any CPU
		{F5BAFA28-7835-495A-9690-B9F147839377}.Debug|Any CPU.Build.0 = Debug|Any CPU
		{F5BAFA28-7835-495A-9690-B9F147839377}.Debug|x64.ActiveCfg = Debug|Any CPU
		{F5BAFA28-7835-495A-9690-B9F147839377}.Debug|x64.Build.0 = Debug|Any CPU
		{F5BAFA28-7835-495A-9690-B9F147839377}.Debug|x86.ActiveCfg = Debug|Any CPU
		{F5BAFA28-7835-495A-9690-B9F147839377}.Debug|x86.Build.0 = Debug|Any CPU
		{F5BAFA28-7835-495A-9690-B9F147839377}.Release|Any CPU.ActiveCfg = Release|Any CPU
		{F5BAFA28-7835-495A-9690-B9F147839377}.Release|Any CPU.Build.0 = Release|Any CPU
		{F5BAFA28-7835-495A-9690-B9F147839377}.Release|x64.ActiveCfg = Release|Any CPU
		{F5BAFA28-7835-495A-9690-B9F147839377}.Release|x64.Build.0 = Release|Any CPU
		{F5BAFA28-7835-495A-9690-B9F147839377}.Release|x86.ActiveCfg = Release|Any CPU
		{F5BAFA28-7835-495A-9690-B9F147839377}.Release|x86.Build.0 = Release|Any CPU
		{50E2CE58-F7C7-4A39-9994-ABAEA3260B9E}.Debug|Any CPU.ActiveCfg = Debug|Any CPU
		{50E2CE58-F7C7-4A39-9994-ABAEA3260B9E}.Debug|Any CPU.Build.0 = Debug|Any CPU
		{50E2CE58-F7C7-4A39-9994-ABAEA3260B9E}.Debug|x64.ActiveCfg = Debug|Any CPU
		{50E2CE58-F7C7-4A39-9994-ABAEA3260B9E}.Debug|x64.Build.0 = Debug|Any CPU
		{50E2CE58-F7C7-4A39-9994-ABAEA3260B9E}.Debug|x86.ActiveCfg = Debug|Any CPU
		{50E2CE58-F7C7-4A39-9994-ABAEA3260B9E}.Debug|x86.Build.0 = Debug|Any CPU
		{50E2CE58-F7C7-4A39-9994-ABAEA3260B9E}.Release|Any CPU.ActiveCfg = Release|Any CPU
		{50E2CE58-F7C7-4A39-9994-ABAEA3260B9E}.Release|Any CPU.Build.0 = Release|Any CPU
		{50E2CE58-F7C7-4A39-9994-ABAEA3260B9E}.Release|x64.ActiveCfg = Release|Any CPU
		{50E2CE58-F7C7-4A39-9994-ABAEA3260B9E}.Release|x64.Build.0 = Release|Any CPU
		{50E2CE58-F7C7-4A39-9994-ABAEA3260B9E}.Release|x86.ActiveCfg = Release|Any CPU
		{50E2CE58-F7C7-4A39-9994-ABAEA3260B9E}.Release|x86.Build.0 = Release|Any CPU
		{3FB7E06C-6811-4154-BA3B-2396528253C9}.Debug|Any CPU.ActiveCfg = Debug|Any CPU
		{3FB7E06C-6811-4154-BA3B-2396528253C9}.Debug|Any CPU.Build.0 = Debug|Any CPU
		{3FB7E06C-6811-4154-BA3B-2396528253C9}.Debug|x64.ActiveCfg = Debug|Any CPU
		{3FB7E06C-6811-4154-BA3B-2396528253C9}.Debug|x64.Build.0 = Debug|Any CPU
		{3FB7E06C-6811-4154-BA3B-2396528253C9}.Debug|x86.ActiveCfg = Debug|Any CPU
		{3FB7E06C-6811-4154-BA3B-2396528253C9}.Debug|x86.Build.0 = Debug|Any CPU
		{3FB7E06C-6811-4154-BA3B-2396528253C9}.Release|Any CPU.ActiveCfg = Release|Any CPU
		{3FB7E06C-6811-4154-BA3B-2396528253C9}.Release|Any CPU.Build.0 = Release|Any CPU
		{3FB7E06C-6811-4154-BA3B-2396528253C9}.Release|x64.ActiveCfg = Release|Any CPU
		{3FB7E06C-6811-4154-BA3B-2396528253C9}.Release|x64.Build.0 = Release|Any CPU
		{3FB7E06C-6811-4154-BA3B-2396528253C9}.Release|x86.ActiveCfg = Release|Any CPU
		{3FB7E06C-6811-4154-BA3B-2396528253C9}.Release|x86.Build.0 = Release|Any CPU
		{6C5ED878-B8BB-4740-BF83-08153D8929E5}.Debug|Any CPU.ActiveCfg = Debug|Any CPU
		{6C5ED878-B8BB-4740-BF83-08153D8929E5}.Debug|Any CPU.Build.0 = Debug|Any CPU
		{6C5ED878-B8BB-4740-BF83-08153D8929E5}.Debug|x64.ActiveCfg = Debug|Any CPU
		{6C5ED878-B8BB-4740-BF83-08153D8929E5}.Debug|x64.Build.0 = Debug|Any CPU
		{6C5ED878-B8BB-4740-BF83-08153D8929E5}.Debug|x86.ActiveCfg = Debug|Any CPU
		{6C5ED878-B8BB-4740-BF83-08153D8929E5}.Debug|x86.Build.0 = Debug|Any CPU
		{6C5ED878-B8BB-4740-BF83-08153D8929E5}.Release|Any CPU.ActiveCfg = Release|Any CPU
		{6C5ED878-B8BB-4740-BF83-08153D8929E5}.Release|Any CPU.Build.0 = Release|Any CPU
		{6C5ED878-B8BB-4740-BF83-08153D8929E5}.Release|x64.ActiveCfg = Release|Any CPU
		{6C5ED878-B8BB-4740-BF83-08153D8929E5}.Release|x64.Build.0 = Release|Any CPU
		{6C5ED878-B8BB-4740-BF83-08153D8929E5}.Release|x86.ActiveCfg = Release|Any CPU
		{6C5ED878-B8BB-4740-BF83-08153D8929E5}.Release|x86.Build.0 = Release|Any CPU
		{F670B98E-C86A-4AF0-8605-F78BB2AE8B28}.Debug|Any CPU.ActiveCfg = Debug|Any CPU
		{F670B98E-C86A-4AF0-8605-F78BB2AE8B28}.Debug|Any CPU.Build.0 = Debug|Any CPU
		{F670B98E-C86A-4AF0-8605-F78BB2AE8B28}.Debug|x64.ActiveCfg = Debug|Any CPU
		{F670B98E-C86A-4AF0-8605-F78BB2AE8B28}.Debug|x64.Build.0 = Debug|Any CPU
		{F670B98E-C86A-4AF0-8605-F78BB2AE8B28}.Debug|x86.ActiveCfg = Debug|Any CPU
		{F670B98E-C86A-4AF0-8605-F78BB2AE8B28}.Debug|x86.Build.0 = Debug|Any CPU
		{F670B98E-C86A-4AF0-8605-F78BB2AE8B28}.Release|Any CPU.ActiveCfg = Release|Any CPU
		{F670B98E-C86A-4AF0-8605-F78BB2AE8B28}.Release|Any CPU.Build.0 = Release|Any CPU
		{F670B98E-C86A-4AF0-8605-F78BB2AE8B28}.Release|x64.ActiveCfg = Release|Any CPU
		{F670B98E-C86A-4AF0-8605-F78BB2AE8B28}.Release|x64.Build.0 = Release|Any CPU
		{F670B98E-C86A-4AF0-8605-F78BB2AE8B28}.Release|x86.ActiveCfg = Release|Any CPU
		{F670B98E-C86A-4AF0-8605-F78BB2AE8B28}.Release|x86.Build.0 = Release|Any CPU
		{FBB91C20-BCBC-45F3-AC70-E76B0A7A7024}.Debug|Any CPU.ActiveCfg = Debug|Any CPU
		{FBB91C20-BCBC-45F3-AC70-E76B0A7A7024}.Debug|Any CPU.Build.0 = Debug|Any CPU
		{FBB91C20-BCBC-45F3-AC70-E76B0A7A7024}.Debug|x64.ActiveCfg = Debug|Any CPU
		{FBB91C20-BCBC-45F3-AC70-E76B0A7A7024}.Debug|x64.Build.0 = Debug|Any CPU
		{FBB91C20-BCBC-45F3-AC70-E76B0A7A7024}.Debug|x86.ActiveCfg = Debug|Any CPU
		{FBB91C20-BCBC-45F3-AC70-E76B0A7A7024}.Debug|x86.Build.0 = Debug|Any CPU
		{FBB91C20-BCBC-45F3-AC70-E76B0A7A7024}.Release|Any CPU.ActiveCfg = Release|Any CPU
		{FBB91C20-BCBC-45F3-AC70-E76B0A7A7024}.Release|Any CPU.Build.0 = Release|Any CPU
		{FBB91C20-BCBC-45F3-AC70-E76B0A7A7024}.Release|x64.ActiveCfg = Release|Any CPU
		{FBB91C20-BCBC-45F3-AC70-E76B0A7A7024}.Release|x64.Build.0 = Release|Any CPU
		{FBB91C20-BCBC-45F3-AC70-E76B0A7A7024}.Release|x86.ActiveCfg = Release|Any CPU
		{FBB91C20-BCBC-45F3-AC70-E76B0A7A7024}.Release|x86.Build.0 = Release|Any CPU
	EndGlobalSection
	GlobalSection(SolutionProperties) = preSolution
		HideSolutionNode = FALSE
	EndGlobalSection
	GlobalSection(NestedProjects) = preSolution
		{8D626EA8-CB54-BC41-363A-217881BEBA6E} = {827E0CD3-B72D-47B6-A68D-7590B98EB39B}
		{0C18A4EA-7422-4DE0-BB79-6C8E6A5A85C2} = {8D626EA8-CB54-BC41-363A-217881BEBA6E}
		{5A31CDEA-7572-48C5-B489-185277905D5F} = {8D626EA8-CB54-BC41-363A-217881BEBA6E}
		{18985743-F350-4356-BB7B-30ED15A0E659} = {8D626EA8-CB54-BC41-363A-217881BEBA6E}
		{D45190BB-6641-4C70-8BE0-5534ACA247D7} = {8D626EA8-CB54-BC41-363A-217881BEBA6E}
		{01956BAC-29C5-498F-A516-E6C199753263} = {0AB3BF05-4346-4AA6-1389-037BE0695223}
		{00A90E19-79E1-40A8-96E6-FFFE39C0D5C1} = {0AB3BF05-4346-4AA6-1389-037BE0695223}
		{A2A6FBC6-DE26-4D99-9B21-7206E6AB5190} = {0AB3BF05-4346-4AA6-1389-037BE0695223}
		{FA794DA6-DA5E-4677-AC1B-B7A676EBC8D9} = {8D626EA8-CB54-BC41-363A-217881BEBA6E}
		{93BD7A56-D6E3-4E70-A6D9-3D9920F65622} = {8D626EA8-CB54-BC41-363A-217881BEBA6E}
		{F0F9645F-AAD9-465B-A251-EA59BBF96CA1} = {0AB3BF05-4346-4AA6-1389-037BE0695223}
		{BBB7B94B-6E11-D9F1-7BA6-9ECA82DB22BF} = {827E0CD3-B72D-47B6-A68D-7590B98EB39B}
		{003E4091-F66D-4C85-9EFC-46BBAB02A791} = {BBB7B94B-6E11-D9F1-7BA6-9ECA82DB22BF}
		{1C9018ED-3F6A-49BD-B464-28F6E4C84EA4} = {BBB7B94B-6E11-D9F1-7BA6-9ECA82DB22BF}
		{6FF83546-25EF-413D-B840-29933E5F8BF3} = {BBB7B94B-6E11-D9F1-7BA6-9ECA82DB22BF}
		{778427DF-EB2C-5228-964E-6D535DE253CA} = {827E0CD3-B72D-47B6-A68D-7590B98EB39B}
		{F072040C-801B-4C45-9364-B50B5221A734} = {778427DF-EB2C-5228-964E-6D535DE253CA}
		{F3FB2A60-723D-4254-AF53-6198F437956F} = {0AB3BF05-4346-4AA6-1389-037BE0695223}
		{EC447DCF-ABFA-6E24-52A5-D7FD48A5C558} = {827E0CD3-B72D-47B6-A68D-7590B98EB39B}
		{24F28DB0-32C4-F3BC-40FC-585FC5DDCEFD} = {EC447DCF-ABFA-6E24-52A5-D7FD48A5C558}
		{4F890741-2642-4328-A3EC-025EFFAD4C20} = {24F28DB0-32C4-F3BC-40FC-585FC5DDCEFD}
		{53955E91-B9EA-4949-951E-47130A031818} = {24F28DB0-32C4-F3BC-40FC-585FC5DDCEFD}
		{6E5F67F2-EE17-4AD8-9D94-643E731A08D9} = {24F28DB0-32C4-F3BC-40FC-585FC5DDCEFD}
		{1D01618D-B0DA-4C6D-B67B-3A606E22E2F0} = {0AB3BF05-4346-4AA6-1389-037BE0695223}
		{52AE7A66-615E-42B4-A27C-BD5A531DB324} = {0AB3BF05-4346-4AA6-1389-037BE0695223}
		{5E5414C4-745C-10B3-C49B-D38F53A77034} = {EC447DCF-ABFA-6E24-52A5-D7FD48A5C558}
		{91DE1EA5-CA7A-4524-91E3-1EDA44CA3A5A} = {5E5414C4-745C-10B3-C49B-D38F53A77034}
		{70D1CDA8-8424-4E3A-BCE1-1C485B64B46D} = {5E5414C4-745C-10B3-C49B-D38F53A77034}
		{AAECCC2C-C048-4995-9064-1E835507051C} = {5E5414C4-745C-10B3-C49B-D38F53A77034}
		{021B1413-FA72-4B9C-A677-40857D51BC55} = {0AB3BF05-4346-4AA6-1389-037BE0695223}
		{06A38725-C107-8416-62C6-3CAB91983C18} = {EC447DCF-ABFA-6E24-52A5-D7FD48A5C558}
		{76587075-4091-4A77-A7AC-EAB0D8BF51CA} = {06A38725-C107-8416-62C6-3CAB91983C18}
		{920225BF-076C-457C-A182-2615E973A602} = {06A38725-C107-8416-62C6-3CAB91983C18}
		{AEBE0C47-911B-465C-B635-7A70C842E2AC} = {06A38725-C107-8416-62C6-3CAB91983C18}
		{5EABD645-0505-4A71-994A-A4C1E1681C08} = {0AB3BF05-4346-4AA6-1389-037BE0695223}
		{00B920E4-100F-D869-D8B1-04B3A2ED45DA} = {827E0CD3-B72D-47B6-A68D-7590B98EB39B}
		{2DBD689E-A2C2-4864-A957-3ADC63A71164} = {00B920E4-100F-D869-D8B1-04B3A2ED45DA}
		{A4F3DBD8-1C0D-41DB-8304-FC27F21EE1F3} = {0AB3BF05-4346-4AA6-1389-037BE0695223}
		{BA4FD5F2-CC9D-4ECB-93BD-5AC34BC26A04} = {9123F88B-E531-3118-42D7-ED8CEF4BD00E}
		{54206FCA-8528-4202-B5ED-72056095BA9B} = {0AB3BF05-4346-4AA6-1389-037BE0695223}
		{EC0688F9-AD2A-44A6-B1B1-915D21BB0188} = {00B920E4-100F-D869-D8B1-04B3A2ED45DA}
		{36C2BD0B-895E-4239-9A81-E3CBCA52E38E} = {0AB3BF05-4346-4AA6-1389-037BE0695223}
		{E690EC81-2F95-41FE-9AF6-AFC9F1886308} = {00B920E4-100F-D869-D8B1-04B3A2ED45DA}
		{C0A40EF8-909F-4F9A-955E-AB564DD2EDCD} = {0AB3BF05-4346-4AA6-1389-037BE0695223}
		{72BBEB8E-CAF0-8DD3-D98D-0C65BF6155EE} = {CA253913-39DE-BFD0-C9A3-4B7EC6FBDF17}
		{0D0AF069-311D-4218-A73C-A67BB4A14609} = {72BBEB8E-CAF0-8DD3-D98D-0C65BF6155EE}
		{4A76B5F6-A95A-4185-B712-678B8B95026E} = {72BBEB8E-CAF0-8DD3-D98D-0C65BF6155EE}
		{A9BF92D0-60DA-4BBF-A927-BAD1AC07E58B} = {72BBEB8E-CAF0-8DD3-D98D-0C65BF6155EE}
		{0DB1AC06-D1BD-42F2-B1D4-12229357A4E0} = {0AB3BF05-4346-4AA6-1389-037BE0695223}
		{07FA420D-2907-57EF-713B-52CD3FBE2C68} = {EC447DCF-ABFA-6E24-52A5-D7FD48A5C558}
		{0818D309-418E-43D9-A998-72440A613E63} = {07FA420D-2907-57EF-713B-52CD3FBE2C68}
		{063666AC-6FFF-4C81-A796-102B19BF926E} = {07FA420D-2907-57EF-713B-52CD3FBE2C68}
		{99DB7E15-B350-4EE5-BB55-48EDA40F8276} = {07FA420D-2907-57EF-713B-52CD3FBE2C68}
		{BC974E12-560F-4F82-A1AD-0694CFD5C97D} = {0AB3BF05-4346-4AA6-1389-037BE0695223}
		{3A371114-0357-C99C-83E4-6460BEE3239F} = {EC447DCF-ABFA-6E24-52A5-D7FD48A5C558}
		{62ECDE50-9E99-4F03-BB78-51823C198D07} = {3A371114-0357-C99C-83E4-6460BEE3239F}
		{00000CBB-11E6-4111-AD34-E8695DF9AF8E} = {3A371114-0357-C99C-83E4-6460BEE3239F}
		{F5BAFA28-7835-495A-9690-B9F147839377} = {3A371114-0357-C99C-83E4-6460BEE3239F}
		{50E2CE58-F7C7-4A39-9994-ABAEA3260B9E} = {0AB3BF05-4346-4AA6-1389-037BE0695223}
		{3FB7E06C-6811-4154-BA3B-2396528253C9} = {8D626EA8-CB54-BC41-363A-217881BEBA6E}
		{6C5ED878-B8BB-4740-BF83-08153D8929E5} = {07FA420D-2907-57EF-713B-52CD3FBE2C68}
		{A5184081-C298-9467-D182-E9016AE72437} = {EC447DCF-ABFA-6E24-52A5-D7FD48A5C558}
		{F670B98E-C86A-4AF0-8605-F78BB2AE8B28} = {A5184081-C298-9467-D182-E9016AE72437}
		{FBB91C20-BCBC-45F3-AC70-E76B0A7A7024} = {3A371114-0357-C99C-83E4-6460BEE3239F}
	EndGlobalSection
	GlobalSection(ExtensibilityGlobals) = postSolution
		SolutionGuid = {54E6D1AE-D504-4776-81EB-21EFFFDA4627}
	EndGlobalSection
EndGlobal
