
Microsoft Visual Studio Solution File, Format Version 12.00
# Visual Studio Version 18
VisualStudioVersion = 18.3.11520.95
MinimumVisualStudioVersion = 10.0.40219.1
Project("{2150E333-8FDC-42A3-9474-1A3956D46DE8}") = "Solution Items", "Solution Items", "{8EC462FD-D22E-90A8-E5CE-7E832BA40C5D}"
	ProjectSection(SolutionItems) = preProject
		PLANNING.md = PLANNING.md
	EndProjectSection
EndProject
Project("{2150E333-8FDC-42A3-9474-1A3956D46DE8}") = "src", "src", "{827E0CD3-B72D-47B6-A68D-7590B98EB39B}"
EndProject
Project("{2150E333-8FDC-42A3-9474-1A3956D46DE8}") = "Core", "Core", "{8D626EA8-CB54-BC41-363A-217881BEBA6E}"
EndProject
Project("{FAE04EC0-301F-11D3-BF4B-00C04F79EFBC}") = "DotNetCloud.Core", "src\Core\DotNetCloud.Core\DotNetCloud.Core.csproj", "{0C18A4EA-7422-4DE0-BB79-6C8E6A5A85C2}"
EndProject
Project("{FAE04EC0-301F-11D3-BF4B-00C04F79EFBC}") = "DotNetCloud.Core.ServiceDefaults", "src\Core\DotNetCloud.Core.ServiceDefaults\DotNetCloud.Core.ServiceDefaults.csproj", "{5A31CDEA-7572-48C5-B489-185277905D5F}"
EndProject
Project("{FAE04EC0-301F-11D3-BF4B-00C04F79EFBC}") = "DotNetCloud.Core.Data", "src\Core\DotNetCloud.Core.Data\DotNetCloud.Core.Data.csproj", "{18985743-F350-4356-BB7B-30ED15A0E659}"
EndProject
Project("{FAE04EC0-301F-11D3-BF4B-00C04F79EFBC}") = "DotNetCloud.Core.Auth", "src\Core\DotNetCloud.Core.Auth\DotNetCloud.Core.Auth.csproj", "{D45190BB-6641-4C70-8BE0-5534ACA247D7}"
EndProject
Project("{2150E333-8FDC-42A3-9474-1A3956D46DE8}") = "tests", "tests", "{0AB3BF05-4346-4AA6-1389-037BE0695223}"
EndProject
Project("{FAE04EC0-301F-11D3-BF4B-00C04F79EFBC}") = "DotNetCloud.Core.Tests", "tests\DotNetCloud.Core.Tests\DotNetCloud.Core.Tests.csproj", "{01956BAC-29C5-498F-A516-E6C199753263}"
EndProject
Project("{FAE04EC0-301F-11D3-BF4B-00C04F79EFBC}") = "DotNetCloud.Core.Data.Tests", "tests\DotNetCloud.Core.Data.Tests\DotNetCloud.Core.Data.Tests.csproj", "{00A90E19-79E1-40A8-96E6-FFFE39C0D5C1}"
EndProject
Project("{FAE04EC0-301F-11D3-BF4B-00C04F79EFBC}") = "DotNetCloud.Core.Auth.Tests", "tests\DotNetCloud.Core.Auth.Tests\DotNetCloud.Core.Auth.Tests.csproj", "{A2A6FBC6-DE26-4D99-9B21-7206E6AB5190}"
EndProject
Project("{FAE04EC0-301F-11D3-BF4B-00C04F79EFBC}") = "DotNetCloud.Core.Grpc", "src\Core\DotNetCloud.Core.Grpc\DotNetCloud.Core.Grpc.csproj", "{FA794DA6-DA5E-4677-AC1B-B7A676EBC8D9}"
EndProject
Project("{FAE04EC0-301F-11D3-BF4B-00C04F79EFBC}") = "DotNetCloud.Core.Server", "src\Core\DotNetCloud.Core.Server\DotNetCloud.Core.Server.csproj", "{93BD7A56-D6E3-4E70-A6D9-3D9920F65622}"
EndProject
Project("{FAE04EC0-301F-11D3-BF4B-00C04F79EFBC}") = "DotNetCloud.Core.Server.Tests", "tests\DotNetCloud.Core.Server.Tests\DotNetCloud.Core.Server.Tests.csproj", "{F0F9645F-AAD9-465B-A251-EA59BBF96CA1}"
EndProject
Project("{2150E333-8FDC-42A3-9474-1A3956D46DE8}") = "UI", "UI", "{BBB7B94B-6E11-D9F1-7BA6-9ECA82DB22BF}"
EndProject
Project("{FAE04EC0-301F-11D3-BF4B-00C04F79EFBC}") = "DotNetCloud.UI.Web", "src\UI\DotNetCloud.UI.Web\DotNetCloud.UI.Web.csproj", "{003E4091-F66D-4C85-9EFC-46BBAB02A791}"
EndProject
Project("{FAE04EC0-301F-11D3-BF4B-00C04F79EFBC}") = "DotNetCloud.UI.Web.Client", "src\UI\DotNetCloud.UI.Web.Client\DotNetCloud.UI.Web.Client.csproj", "{1C9018ED-3F6A-49BD-B464-28F6E4C84EA4}"
EndProject
Project("{FAE04EC0-301F-11D3-BF4B-00C04F79EFBC}") = "DotNetCloud.UI.Shared", "src\UI\DotNetCloud.UI.Shared\DotNetCloud.UI.Shared.csproj", "{6FF83546-25EF-413D-B840-29933E5F8BF3}"
EndProject
Project("{2150E333-8FDC-42A3-9474-1A3956D46DE8}") = "CLI", "CLI", "{778427DF-EB2C-5228-964E-6D535DE253CA}"
EndProject
Project("{FAE04EC0-301F-11D3-BF4B-00C04F79EFBC}") = "DotNetCloud.CLI", "src\CLI\DotNetCloud.CLI\DotNetCloud.CLI.csproj", "{F072040C-801B-4C45-9364-B50B5221A734}"
EndProject
Project("{FAE04EC0-301F-11D3-BF4B-00C04F79EFBC}") = "DotNetCloud.CLI.Tests", "tests\DotNetCloud.CLI.Tests\DotNetCloud.CLI.Tests.csproj", "{F3FB2A60-723D-4254-AF53-6198F437956F}"
EndProject
Project("{2150E333-8FDC-42A3-9474-1A3956D46DE8}") = "Modules", "Modules", "{EC447DCF-ABFA-6E24-52A5-D7FD48A5C558}"
EndProject
Project("{2150E333-8FDC-42A3-9474-1A3956D46DE8}") = "Example", "Example", "{24F28DB0-32C4-F3BC-40FC-585FC5DDCEFD}"
EndProject
Project("{FAE04EC0-301F-11D3-BF4B-00C04F79EFBC}") = "DotNetCloud.Modules.Example", "src\Modules\Example\DotNetCloud.Modules.Example\DotNetCloud.Modules.Example.csproj", "{4F890741-2642-4328-A3EC-025EFFAD4C20}"
EndProject
Project("{FAE04EC0-301F-11D3-BF4B-00C04F79EFBC}") = "DotNetCloud.Modules.Example.Data", "src\Modules\Example\DotNetCloud.Modules.Example.Data\DotNetCloud.Modules.Example.Data.csproj", "{53955E91-B9EA-4949-951E-47130A031818}"
EndProject
Project("{FAE04EC0-301F-11D3-BF4B-00C04F79EFBC}") = "DotNetCloud.Modules.Example.Host", "src\Modules\Example\DotNetCloud.Modules.Example.Host\DotNetCloud.Modules.Example.Host.csproj", "{6E5F67F2-EE17-4AD8-9D94-643E731A08D9}"
EndProject
Project("{FAE04EC0-301F-11D3-BF4B-00C04F79EFBC}") = "DotNetCloud.Modules.Example.Tests", "tests\DotNetCloud.Modules.Example.Tests\DotNetCloud.Modules.Example.Tests.csproj", "{1D01618D-B0DA-4C6D-B67B-3A606E22E2F0}"
EndProject
Global
	GlobalSection(SolutionConfigurationPlatforms) = preSolution
		Debug|Any CPU = Debug|Any CPU
		Debug|x64 = Debug|x64
		Debug|x86 = Debug|x86
		Release|Any CPU = Release|Any CPU
		Release|x64 = Release|x64
		Release|x86 = Release|x86
	EndGlobalSection
	GlobalSection(ProjectConfigurationPlatforms) = postSolution
		{0C18A4EA-7422-4DE0-BB79-6C8E6A5A85C2}.Debug|Any CPU.ActiveCfg = Debug|Any CPU
		{0C18A4EA-7422-4DE0-BB79-6C8E6A5A85C2}.Debug|Any CPU.Build.0 = Debug|Any CPU
		{0C18A4EA-7422-4DE0-BB79-6C8E6A5A85C2}.Debug|x64.ActiveCfg = Debug|Any CPU
		{0C18A4EA-7422-4DE0-BB79-6C8E6A5A85C2}.Debug|x64.Build.0 = Debug|Any CPU
		{0C18A4EA-7422-4DE0-BB79-6C8E6A5A85C2}.Debug|x86.ActiveCfg = Debug|Any CPU
		{0C18A4EA-7422-4DE0-BB79-6C8E6A5A85C2}.Debug|x86.Build.0 = Debug|Any CPU
		{0C18A4EA-7422-4DE0-BB79-6C8E6A5A85C2}.Release|Any CPU.ActiveCfg = Release|Any CPU
		{0C18A4EA-7422-4DE0-BB79-6C8E6A5A85C2}.Release|Any CPU.Build.0 = Release|Any CPU
		{0C18A4EA-7422-4DE0-BB79-6C8E6A5A85C2}.Release|x64.ActiveCfg = Release|Any CPU
		{0C18A4EA-7422-4DE0-BB79-6C8E6A5A85C2}.Release|x64.Build.0 = Release|Any CPU
		{0C18A4EA-7422-4DE0-BB79-6C8E6A5A85C2}.Release|x86.ActiveCfg = Release|Any CPU
		{0C18A4EA-7422-4DE0-BB79-6C8E6A5A85C2}.Release|x86.Build.0 = Release|Any CPU
		{5A31CDEA-7572-48C5-B489-185277905D5F}.Debug|Any CPU.ActiveCfg = Debug|Any CPU
		{5A31CDEA-7572-48C5-B489-185277905D5F}.Debug|Any CPU.Build.0 = Debug|Any CPU
		{5A31CDEA-7572-48C5-B489-185277905D5F}.Debug|x64.ActiveCfg = Debug|Any CPU
		{5A31CDEA-7572-48C5-B489-185277905D5F}.Debug|x64.Build.0 = Debug|Any CPU
		{5A31CDEA-7572-48C5-B489-185277905D5F}.Debug|x86.ActiveCfg = Debug|Any CPU
		{5A31CDEA-7572-48C5-B489-185277905D5F}.Debug|x86.Build.0 = Debug|Any CPU
		{5A31CDEA-7572-48C5-B489-185277905D5F}.Release|Any CPU.ActiveCfg = Release|Any CPU
		{5A31CDEA-7572-48C5-B489-185277905D5F}.Release|Any CPU.Build.0 = Release|Any CPU
		{5A31CDEA-7572-48C5-B489-185277905D5F}.Release|x64.ActiveCfg = Release|Any CPU
		{5A31CDEA-7572-48C5-B489-185277905D5F}.Release|x64.Build.0 = Release|Any CPU
		{5A31CDEA-7572-48C5-B489-185277905D5F}.Release|x86.ActiveCfg = Release|Any CPU
		{5A31CDEA-7572-48C5-B489-185277905D5F}.Release|x86.Build.0 = Release|Any CPU
		{18985743-F350-4356-BB7B-30ED15A0E659}.Debug|Any CPU.ActiveCfg = Debug|Any CPU
		{18985743-F350-4356-BB7B-30ED15A0E659}.Debug|Any CPU.Build.0 = Debug|Any CPU
		{18985743-F350-4356-BB7B-30ED15A0E659}.Debug|x64.ActiveCfg = Debug|Any CPU
		{18985743-F350-4356-BB7B-30ED15A0E659}.Debug|x64.Build.0 = Debug|Any CPU
		{18985743-F350-4356-BB7B-30ED15A0E659}.Debug|x86.ActiveCfg = Debug|Any CPU
		{18985743-F350-4356-BB7B-30ED15A0E659}.Debug|x86.Build.0 = Debug|Any CPU
		{18985743-F350-4356-BB7B-30ED15A0E659}.Release|Any CPU.ActiveCfg = Release|Any CPU
		{18985743-F350-4356-BB7B-30ED15A0E659}.Release|Any CPU.Build.0 = Release|Any CPU
		{18985743-F350-4356-BB7B-30ED15A0E659}.Release|x64.ActiveCfg = Release|Any CPU
		{18985743-F350-4356-BB7B-30ED15A0E659}.Release|x64.Build.0 = Release|Any CPU
		{18985743-F350-4356-BB7B-30ED15A0E659}.Release|x86.ActiveCfg = Release|Any CPU
		{18985743-F350-4356-BB7B-30ED15A0E659}.Release|x86.Build.0 = Release|Any CPU
		{D45190BB-6641-4C70-8BE0-5534ACA247D7}.Debug|Any CPU.ActiveCfg = Debug|Any CPU
		{D45190BB-6641-4C70-8BE0-5534ACA247D7}.Debug|Any CPU.Build.0 = Debug|Any CPU
		{D45190BB-6641-4C70-8BE0-5534ACA247D7}.Debug|x64.ActiveCfg = Debug|Any CPU
		{D45190BB-6641-4C70-8BE0-5534ACA247D7}.Debug|x64.Build.0 = Debug|Any CPU
		{D45190BB-6641-4C70-8BE0-5534ACA247D7}.Debug|x86.ActiveCfg = Debug|Any CPU
		{D45190BB-6641-4C70-8BE0-5534ACA247D7}.Debug|x86.Build.0 = Debug|Any CPU
		{D45190BB-6641-4C70-8BE0-5534ACA247D7}.Release|Any CPU.ActiveCfg = Release|Any CPU
		{D45190BB-6641-4C70-8BE0-5534ACA247D7}.Release|Any CPU.Build.0 = Release|Any CPU
		{D45190BB-6641-4C70-8BE0-5534ACA247D7}.Release|x64.ActiveCfg = Release|Any CPU
		{D45190BB-6641-4C70-8BE0-5534ACA247D7}.Release|x64.Build.0 = Release|Any CPU
		{D45190BB-6641-4C70-8BE0-5534ACA247D7}.Release|x86.ActiveCfg = Release|Any CPU
		{D45190BB-6641-4C70-8BE0-5534ACA247D7}.Release|x86.Build.0 = Release|Any CPU
		{01956BAC-29C5-498F-A516-E6C199753263}.Debug|Any CPU.ActiveCfg = Debug|Any CPU
		{01956BAC-29C5-498F-A516-E6C199753263}.Debug|Any CPU.Build.0 = Debug|Any CPU
		{01956BAC-29C5-498F-A516-E6C199753263}.Debug|x64.ActiveCfg = Debug|Any CPU
		{01956BAC-29C5-498F-A516-E6C199753263}.Debug|x64.Build.0 = Debug|Any CPU
		{01956BAC-29C5-498F-A516-E6C199753263}.Debug|x86.ActiveCfg = Debug|Any CPU
		{01956BAC-29C5-498F-A516-E6C199753263}.Debug|x86.Build.0 = Debug|Any CPU
		{01956BAC-29C5-498F-A516-E6C199753263}.Release|Any CPU.ActiveCfg = Release|Any CPU
		{01956BAC-29C5-498F-A516-E6C199753263}.Release|Any CPU.Build.0 = Release|Any CPU
		{01956BAC-29C5-498F-A516-E6C199753263}.Release|x64.ActiveCfg = Release|Any CPU
		{01956BAC-29C5-498F-A516-E6C199753263}.Release|x64.Build.0 = Release|Any CPU
		{01956BAC-29C5-498F-A516-E6C199753263}.Release|x86.ActiveCfg = Release|Any CPU
		{01956BAC-29C5-498F-A516-E6C199753263}.Release|x86.Build.0 = Release|Any CPU
		{00A90E19-79E1-40A8-96E6-FFFE39C0D5C1}.Debug|Any CPU.ActiveCfg = Debug|Any CPU
		{00A90E19-79E1-40A8-96E6-FFFE39C0D5C1}.Debug|Any CPU.Build.0 = Debug|Any CPU
		{00A90E19-79E1-40A8-96E6-FFFE39C0D5C1}.Debug|x64.ActiveCfg = Debug|Any CPU
		{00A90E19-79E1-40A8-96E6-FFFE39C0D5C1}.Debug|x64.Build.0 = Debug|Any CPU
		{00A90E19-79E1-40A8-96E6-FFFE39C0D5C1}.Debug|x86.ActiveCfg = Debug|Any CPU
		{00A90E19-79E1-40A8-96E6-FFFE39C0D5C1}.Debug|x86.Build.0 = Debug|Any CPU
		{00A90E19-79E1-40A8-96E6-FFFE39C0D5C1}.Release|Any CPU.ActiveCfg = Release|Any CPU
		{00A90E19-79E1-40A8-96E6-FFFE39C0D5C1}.Release|Any CPU.Build.0 = Release|Any CPU
		{00A90E19-79E1-40A8-96E6-FFFE39C0D5C1}.Release|x64.ActiveCfg = Release|Any CPU
		{00A90E19-79E1-40A8-96E6-FFFE39C0D5C1}.Release|x64.Build.0 = Release|Any CPU
		{00A90E19-79E1-40A8-96E6-FFFE39C0D5C1}.Release|x86.ActiveCfg = Release|Any CPU
		{00A90E19-79E1-40A8-96E6-FFFE39C0D5C1}.Release|x86.Build.0 = Release|Any CPU
		{A2A6FBC6-DE26-4D99-9B21-7206E6AB5190}.Debug|Any CPU.ActiveCfg = Debug|Any CPU
		{A2A6FBC6-DE26-4D99-9B21-7206E6AB5190}.Debug|Any CPU.Build.0 = Debug|Any CPU
		{A2A6FBC6-DE26-4D99-9B21-7206E6AB5190}.Debug|x64.ActiveCfg = Debug|Any CPU
		{A2A6FBC6-DE26-4D99-9B21-7206E6AB5190}.Debug|x64.Build.0 = Debug|Any CPU
		{A2A6FBC6-DE26-4D99-9B21-7206E6AB5190}.Debug|x86.ActiveCfg = Debug|Any CPU
		{A2A6FBC6-DE26-4D99-9B21-7206E6AB5190}.Debug|x86.Build.0 = Debug|Any CPU
		{A2A6FBC6-DE26-4D99-9B21-7206E6AB5190}.Release|Any CPU.ActiveCfg = Release|Any CPU
		{A2A6FBC6-DE26-4D99-9B21-7206E6AB5190}.Release|Any CPU.Build.0 = Release|Any CPU
		{A2A6FBC6-DE26-4D99-9B21-7206E6AB5190}.Release|x64.ActiveCfg = Release|Any CPU
		{A2A6FBC6-DE26-4D99-9B21-7206E6AB5190}.Release|x64.Build.0 = Release|Any CPU
		{A2A6FBC6-DE26-4D99-9B21-7206E6AB5190}.Release|x86.ActiveCfg = Release|Any CPU
		{A2A6FBC6-DE26-4D99-9B21-7206E6AB5190}.Release|x86.Build.0 = Release|Any CPU
		{FA794DA6-DA5E-4677-AC1B-B7A676EBC8D9}.Debug|Any CPU.ActiveCfg = Debug|Any CPU
		{FA794DA6-DA5E-4677-AC1B-B7A676EBC8D9}.Debug|Any CPU.Build.0 = Debug|Any CPU
		{FA794DA6-DA5E-4677-AC1B-B7A676EBC8D9}.Debug|x64.ActiveCfg = Debug|Any CPU
		{FA794DA6-DA5E-4677-AC1B-B7A676EBC8D9}.Debug|x64.Build.0 = Debug|Any CPU
		{FA794DA6-DA5E-4677-AC1B-B7A676EBC8D9}.Debug|x86.ActiveCfg = Debug|Any CPU
		{FA794DA6-DA5E-4677-AC1B-B7A676EBC8D9}.Debug|x86.Build.0 = Debug|Any CPU
		{FA794DA6-DA5E-4677-AC1B-B7A676EBC8D9}.Release|Any CPU.ActiveCfg = Release|Any CPU
		{FA794DA6-DA5E-4677-AC1B-B7A676EBC8D9}.Release|Any CPU.Build.0 = Release|Any CPU
		{FA794DA6-DA5E-4677-AC1B-B7A676EBC8D9}.Release|x64.ActiveCfg = Release|Any CPU
		{FA794DA6-DA5E-4677-AC1B-B7A676EBC8D9}.Release|x64.Build.0 = Release|Any CPU
		{FA794DA6-DA5E-4677-AC1B-B7A676EBC8D9}.Release|x86.ActiveCfg = Release|Any CPU
		{FA794DA6-DA5E-4677-AC1B-B7A676EBC8D9}.Release|x86.Build.0 = Release|Any CPU
		{93BD7A56-D6E3-4E70-A6D9-3D9920F65622}.Debug|Any CPU.ActiveCfg = Debug|Any CPU
		{93BD7A56-D6E3-4E70-A6D9-3D9920F65622}.Debug|Any CPU.Build.0 = Debug|Any CPU
		{93BD7A56-D6E3-4E70-A6D9-3D9920F65622}.Debug|x64.ActiveCfg = Debug|Any CPU
		{93BD7A56-D6E3-4E70-A6D9-3D9920F65622}.Debug|x64.Build.0 = Debug|Any CPU
		{93BD7A56-D6E3-4E70-A6D9-3D9920F65622}.Debug|x86.ActiveCfg = Debug|Any CPU
		{93BD7A56-D6E3-4E70-A6D9-3D9920F65622}.Debug|x86.Build.0 = Debug|Any CPU
		{93BD7A56-D6E3-4E70-A6D9-3D9920F65622}.Release|Any CPU.ActiveCfg = Release|Any CPU
		{93BD7A56-D6E3-4E70-A6D9-3D9920F65622}.Release|Any CPU.Build.0 = Release|Any CPU
		{93BD7A56-D6E3-4E70-A6D9-3D9920F65622}.Release|x64.ActiveCfg = Release|Any CPU
		{93BD7A56-D6E3-4E70-A6D9-3D9920F65622}.Release|x64.Build.0 = Release|Any CPU
		{93BD7A56-D6E3-4E70-A6D9-3D9920F65622}.Release|x86.ActiveCfg = Release|Any CPU
		{93BD7A56-D6E3-4E70-A6D9-3D9920F65622}.Release|x86.Build.0 = Release|Any CPU
		{F0F9645F-AAD9-465B-A251-EA59BBF96CA1}.Debug|Any CPU.ActiveCfg = Debug|Any CPU
		{F0F9645F-AAD9-465B-A251-EA59BBF96CA1}.Debug|Any CPU.Build.0 = Debug|Any CPU
		{F0F9645F-AAD9-465B-A251-EA59BBF96CA1}.Debug|x64.ActiveCfg = Debug|Any CPU
		{F0F9645F-AAD9-465B-A251-EA59BBF96CA1}.Debug|x64.Build.0 = Debug|Any CPU
		{F0F9645F-AAD9-465B-A251-EA59BBF96CA1}.Debug|x86.ActiveCfg = Debug|Any CPU
		{F0F9645F-AAD9-465B-A251-EA59BBF96CA1}.Debug|x86.Build.0 = Debug|Any CPU
		{F0F9645F-AAD9-465B-A251-EA59BBF96CA1}.Release|Any CPU.ActiveCfg = Release|Any CPU
		{F0F9645F-AAD9-465B-A251-EA59BBF96CA1}.Release|Any CPU.Build.0 = Release|Any CPU
		{F0F9645F-AAD9-465B-A251-EA59BBF96CA1}.Release|x64.ActiveCfg = Release|Any CPU
		{F0F9645F-AAD9-465B-A251-EA59BBF96CA1}.Release|x64.Build.0 = Release|Any CPU
		{F0F9645F-AAD9-465B-A251-EA59BBF96CA1}.Release|x86.ActiveCfg = Release|Any CPU
		{F0F9645F-AAD9-465B-A251-EA59BBF96CA1}.Release|x86.Build.0 = Release|Any CPU
		{003E4091-F66D-4C85-9EFC-46BBAB02A791}.Debug|Any CPU.ActiveCfg = Debug|Any CPU
		{003E4091-F66D-4C85-9EFC-46BBAB02A791}.Debug|Any CPU.Build.0 = Debug|Any CPU
		{003E4091-F66D-4C85-9EFC-46BBAB02A791}.Debug|x64.ActiveCfg = Debug|Any CPU
		{003E4091-F66D-4C85-9EFC-46BBAB02A791}.Debug|x64.Build.0 = Debug|Any CPU
		{003E4091-F66D-4C85-9EFC-46BBAB02A791}.Debug|x86.ActiveCfg = Debug|Any CPU
		{003E4091-F66D-4C85-9EFC-46BBAB02A791}.Debug|x86.Build.0 = Debug|Any CPU
		{003E4091-F66D-4C85-9EFC-46BBAB02A791}.Release|Any CPU.ActiveCfg = Release|Any CPU
		{003E4091-F66D-4C85-9EFC-46BBAB02A791}.Release|Any CPU.Build.0 = Release|Any CPU
		{003E4091-F66D-4C85-9EFC-46BBAB02A791}.Release|x64.ActiveCfg = Release|Any CPU
		{003E4091-F66D-4C85-9EFC-46BBAB02A791}.Release|x64.Build.0 = Release|Any CPU
		{003E4091-F66D-4C85-9EFC-46BBAB02A791}.Release|x86.ActiveCfg = Release|Any CPU
		{003E4091-F66D-4C85-9EFC-46BBAB02A791}.Release|x86.Build.0 = Release|Any CPU
		{1C9018ED-3F6A-49BD-B464-28F6E4C84EA4}.Debug|Any CPU.ActiveCfg = Debug|Any CPU
		{1C9018ED-3F6A-49BD-B464-28F6E4C84EA4}.Debug|Any CPU.Build.0 = Debug|Any CPU
		{1C9018ED-3F6A-49BD-B464-28F6E4C84EA4}.Debug|x64.ActiveCfg = Debug|Any CPU
		{1C9018ED-3F6A-49BD-B464-28F6E4C84EA4}.Debug|x64.Build.0 = Debug|Any CPU
		{1C9018ED-3F6A-49BD-B464-28F6E4C84EA4}.Debug|x86.ActiveCfg = Debug|Any CPU
		{1C9018ED-3F6A-49BD-B464-28F6E4C84EA4}.Debug|x86.Build.0 = Debug|Any CPU
		{1C9018ED-3F6A-49BD-B464-28F6E4C84EA4}.Release|Any CPU.ActiveCfg = Release|Any CPU
		{1C9018ED-3F6A-49BD-B464-28F6E4C84EA4}.Release|Any CPU.Build.0 = Release|Any CPU
		{1C9018ED-3F6A-49BD-B464-28F6E4C84EA4}.Release|x64.ActiveCfg = Release|Any CPU
		{1C9018ED-3F6A-49BD-B464-28F6E4C84EA4}.Release|x64.Build.0 = Release|Any CPU
		{1C9018ED-3F6A-49BD-B464-28F6E4C84EA4}.Release|x86.ActiveCfg = Release|Any CPU
		{1C9018ED-3F6A-49BD-B464-28F6E4C84EA4}.Release|x86.Build.0 = Release|Any CPU
		{6FF83546-25EF-413D-B840-29933E5F8BF3}.Debug|Any CPU.ActiveCfg = Debug|Any CPU
		{6FF83546-25EF-413D-B840-29933E5F8BF3}.Debug|Any CPU.Build.0 = Debug|Any CPU
		{6FF83546-25EF-413D-B840-29933E5F8BF3}.Debug|x64.ActiveCfg = Debug|Any CPU
		{6FF83546-25EF-413D-B840-29933E5F8BF3}.Debug|x64.Build.0 = Debug|Any CPU
		{6FF83546-25EF-413D-B840-29933E5F8BF3}.Debug|x86.ActiveCfg = Debug|Any CPU
		{6FF83546-25EF-413D-B840-29933E5F8BF3}.Debug|x86.Build.0 = Debug|Any CPU
		{6FF83546-25EF-413D-B840-29933E5F8BF3}.Release|Any CPU.ActiveCfg = Release|Any CPU
		{6FF83546-25EF-413D-B840-29933E5F8BF3}.Release|Any CPU.Build.0 = Release|Any CPU
		{6FF83546-25EF-413D-B840-29933E5F8BF3}.Release|x64.ActiveCfg = Release|Any CPU
		{6FF83546-25EF-413D-B840-29933E5F8BF3}.Release|x64.Build.0 = Release|Any CPU
		{6FF83546-25EF-413D-B840-29933E5F8BF3}.Release|x86.ActiveCfg = Release|Any CPU
		{6FF83546-25EF-413D-B840-29933E5F8BF3}.Release|x86.Build.0 = Release|Any CPU
		{F072040C-801B-4C45-9364-B50B5221A734}.Debug|Any CPU.ActiveCfg = Debug|Any CPU
		{F072040C-801B-4C45-9364-B50B5221A734}.Debug|Any CPU.Build.0 = Debug|Any CPU
		{F072040C-801B-4C45-9364-B50B5221A734}.Debug|x64.ActiveCfg = Debug|Any CPU
		{F072040C-801B-4C45-9364-B50B5221A734}.Debug|x64.Build.0 = Debug|Any CPU
		{F072040C-801B-4C45-9364-B50B5221A734}.Debug|x86.ActiveCfg = Debug|Any CPU
		{F072040C-801B-4C45-9364-B50B5221A734}.Debug|x86.Build.0 = Debug|Any CPU
		{F072040C-801B-4C45-9364-B50B5221A734}.Release|Any CPU.ActiveCfg = Release|Any CPU
		{F072040C-801B-4C45-9364-B50B5221A734}.Release|Any CPU.Build.0 = Release|Any CPU
		{F072040C-801B-4C45-9364-B50B5221A734}.Release|x64.ActiveCfg = Release|Any CPU
		{F072040C-801B-4C45-9364-B50B5221A734}.Release|x64.Build.0 = Release|Any CPU
		{F072040C-801B-4C45-9364-B50B5221A734}.Release|x86.ActiveCfg = Release|Any CPU
		{F072040C-801B-4C45-9364-B50B5221A734}.Release|x86.Build.0 = Release|Any CPU
		{F3FB2A60-723D-4254-AF53-6198F437956F}.Debug|Any CPU.ActiveCfg = Debug|Any CPU
		{F3FB2A60-723D-4254-AF53-6198F437956F}.Debug|Any CPU.Build.0 = Debug|Any CPU
		{F3FB2A60-723D-4254-AF53-6198F437956F}.Debug|x64.ActiveCfg = Debug|Any CPU
		{F3FB2A60-723D-4254-AF53-6198F437956F}.Debug|x64.Build.0 = Debug|Any CPU
		{F3FB2A60-723D-4254-AF53-6198F437956F}.Debug|x86.ActiveCfg = Debug|Any CPU
		{F3FB2A60-723D-4254-AF53-6198F437956F}.Debug|x86.Build.0 = Debug|Any CPU
		{F3FB2A60-723D-4254-AF53-6198F437956F}.Release|Any CPU.ActiveCfg = Release|Any CPU
		{F3FB2A60-723D-4254-AF53-6198F437956F}.Release|Any CPU.Build.0 = Release|Any CPU
		{F3FB2A60-723D-4254-AF53-6198F437956F}.Release|x64.ActiveCfg = Release|Any CPU
		{F3FB2A60-723D-4254-AF53-6198F437956F}.Release|x64.Build.0 = Release|Any CPU
		{F3FB2A60-723D-4254-AF53-6198F437956F}.Release|x86.ActiveCfg = Release|Any CPU
		{F3FB2A60-723D-4254-AF53-6198F437956F}.Release|x86.Build.0 = Release|Any CPU
		{4F890741-2642-4328-A3EC-025EFFAD4C20}.Debug|Any CPU.ActiveCfg = Debug|Any CPU
		{4F890741-2642-4328-A3EC-025EFFAD4C20}.Debug|Any CPU.Build.0 = Debug|Any CPU
		{4F890741-2642-4328-A3EC-025EFFAD4C20}.Debug|x64.ActiveCfg = Debug|Any CPU
		{4F890741-2642-4328-A3EC-025EFFAD4C20}.Debug|x64.Build.0 = Debug|Any CPU
		{4F890741-2642-4328-A3EC-025EFFAD4C20}.Debug|x86.ActiveCfg = Debug|Any CPU
		{4F890741-2642-4328-A3EC-025EFFAD4C20}.Debug|x86.Build.0 = Debug|Any CPU
		{4F890741-2642-4328-A3EC-025EFFAD4C20}.Release|Any CPU.ActiveCfg = Release|Any CPU
		{4F890741-2642-4328-A3EC-025EFFAD4C20}.Release|Any CPU.Build.0 = Release|Any CPU
		{4F890741-2642-4328-A3EC-025EFFAD4C20}.Release|x64.ActiveCfg = Release|Any CPU
		{4F890741-2642-4328-A3EC-025EFFAD4C20}.Release|x64.Build.0 = Release|Any CPU
		{4F890741-2642-4328-A3EC-025EFFAD4C20}.Release|x86.ActiveCfg = Release|Any CPU
		{4F890741-2642-4328-A3EC-025EFFAD4C20}.Release|x86.Build.0 = Release|Any CPU
		{53955E91-B9EA-4949-951E-47130A031818}.Debug|Any CPU.ActiveCfg = Debug|Any CPU
		{53955E91-B9EA-4949-951E-47130A031818}.Debug|Any CPU.Build.0 = Debug|Any CPU
		{53955E91-B9EA-4949-951E-47130A031818}.Debug|x64.ActiveCfg = Debug|Any CPU
		{53955E91-B9EA-4949-951E-47130A031818}.Debug|x64.Build.0 = Debug|Any CPU
		{53955E91-B9EA-4949-951E-47130A031818}.Debug|x86.ActiveCfg = Debug|Any CPU
		{53955E91-B9EA-4949-951E-47130A031818}.Debug|x86.Build.0 = Debug|Any CPU
		{53955E91-B9EA-4949-951E-47130A031818}.Release|Any CPU.ActiveCfg = Release|Any CPU
		{53955E91-B9EA-4949-951E-47130A031818}.Release|Any CPU.Build.0 = Release|Any CPU
		{53955E91-B9EA-4949-951E-47130A031818}.Release|x64.ActiveCfg = Release|Any CPU
		{53955E91-B9EA-4949-951E-47130A031818}.Release|x64.Build.0 = Release|Any CPU
		{53955E91-B9EA-4949-951E-47130A031818}.Release|x86.ActiveCfg = Release|Any CPU
		{53955E91-B9EA-4949-951E-47130A031818}.Release|x86.Build.0 = Release|Any CPU
		{6E5F67F2-EE17-4AD8-9D94-643E731A08D9}.Debug|Any CPU.ActiveCfg = Debug|Any CPU
		{6E5F67F2-EE17-4AD8-9D94-643E731A08D9}.Debug|Any CPU.Build.0 = Debug|Any CPU
		{6E5F67F2-EE17-4AD8-9D94-643E731A08D9}.Debug|x64.ActiveCfg = Debug|Any CPU
		{6E5F67F2-EE17-4AD8-9D94-643E731A08D9}.Debug|x64.Build.0 = Debug|Any CPU
		{6E5F67F2-EE17-4AD8-9D94-643E731A08D9}.Debug|x86.ActiveCfg = Debug|Any CPU
		{6E5F67F2-EE17-4AD8-9D94-643E731A08D9}.Debug|x86.Build.0 = Debug|Any CPU
		{6E5F67F2-EE17-4AD8-9D94-643E731A08D9}.Release|Any CPU.ActiveCfg = Release|Any CPU
		{6E5F67F2-EE17-4AD8-9D94-643E731A08D9}.Release|Any CPU.Build.0 = Release|Any CPU
		{6E5F67F2-EE17-4AD8-9D94-643E731A08D9}.Release|x64.ActiveCfg = Release|Any CPU
		{6E5F67F2-EE17-4AD8-9D94-643E731A08D9}.Release|x64.Build.0 = Release|Any CPU
		{6E5F67F2-EE17-4AD8-9D94-643E731A08D9}.Release|x86.ActiveCfg = Release|Any CPU
		{6E5F67F2-EE17-4AD8-9D94-643E731A08D9}.Release|x86.Build.0 = Release|Any CPU
		{1D01618D-B0DA-4C6D-B67B-3A606E22E2F0}.Debug|Any CPU.ActiveCfg = Debug|Any CPU
		{1D01618D-B0DA-4C6D-B67B-3A606E22E2F0}.Debug|Any CPU.Build.0 = Debug|Any CPU
		{1D01618D-B0DA-4C6D-B67B-3A606E22E2F0}.Debug|x64.ActiveCfg = Debug|Any CPU
		{1D01618D-B0DA-4C6D-B67B-3A606E22E2F0}.Debug|x64.Build.0 = Debug|Any CPU
		{1D01618D-B0DA-4C6D-B67B-3A606E22E2F0}.Debug|x86.ActiveCfg = Debug|Any CPU
		{1D01618D-B0DA-4C6D-B67B-3A606E22E2F0}.Debug|x86.Build.0 = Debug|Any CPU
		{1D01618D-B0DA-4C6D-B67B-3A606E22E2F0}.Release|Any CPU.ActiveCfg = Release|Any CPU
		{1D01618D-B0DA-4C6D-B67B-3A606E22E2F0}.Release|Any CPU.Build.0 = Release|Any CPU
		{1D01618D-B0DA-4C6D-B67B-3A606E22E2F0}.Release|x64.ActiveCfg = Release|Any CPU
		{1D01618D-B0DA-4C6D-B67B-3A606E22E2F0}.Release|x64.Build.0 = Release|Any CPU
		{1D01618D-B0DA-4C6D-B67B-3A606E22E2F0}.Release|x86.ActiveCfg = Release|Any CPU
		{1D01618D-B0DA-4C6D-B67B-3A606E22E2F0}.Release|x86.Build.0 = Release|Any CPU
	EndGlobalSection
	GlobalSection(SolutionProperties) = preSolution
		HideSolutionNode = FALSE
	EndGlobalSection
	GlobalSection(NestedProjects) = preSolution
		{8D626EA8-CB54-BC41-363A-217881BEBA6E} = {827E0CD3-B72D-47B6-A68D-7590B98EB39B}
		{0C18A4EA-7422-4DE0-BB79-6C8E6A5A85C2} = {8D626EA8-CB54-BC41-363A-217881BEBA6E}
		{5A31CDEA-7572-48C5-B489-185277905D5F} = {8D626EA8-CB54-BC41-363A-217881BEBA6E}
		{18985743-F350-4356-BB7B-30ED15A0E659} = {8D626EA8-CB54-BC41-363A-217881BEBA6E}
		{D45190BB-6641-4C70-8BE0-5534ACA247D7} = {8D626EA8-CB54-BC41-363A-217881BEBA6E}
		{01956BAC-29C5-498F-A516-E6C199753263} = {0AB3BF05-4346-4AA6-1389-037BE0695223}
		{00A90E19-79E1-40A8-96E6-FFFE39C0D5C1} = {0AB3BF05-4346-4AA6-1389-037BE0695223}
		{A2A6FBC6-DE26-4D99-9B21-7206E6AB5190} = {0AB3BF05-4346-4AA6-1389-037BE0695223}
		{FA794DA6-DA5E-4677-AC1B-B7A676EBC8D9} = {8D626EA8-CB54-BC41-363A-217881BEBA6E}
		{93BD7A56-D6E3-4E70-A6D9-3D9920F65622} = {8D626EA8-CB54-BC41-363A-217881BEBA6E}
		{F0F9645F-AAD9-465B-A251-EA59BBF96CA1} = {0AB3BF05-4346-4AA6-1389-037BE0695223}
		{BBB7B94B-6E11-D9F1-7BA6-9ECA82DB22BF} = {827E0CD3-B72D-47B6-A68D-7590B98EB39B}
		{003E4091-F66D-4C85-9EFC-46BBAB02A791} = {BBB7B94B-6E11-D9F1-7BA6-9ECA82DB22BF}
		{1C9018ED-3F6A-49BD-B464-28F6E4C84EA4} = {BBB7B94B-6E11-D9F1-7BA6-9ECA82DB22BF}
		{6FF83546-25EF-413D-B840-29933E5F8BF3} = {BBB7B94B-6E11-D9F1-7BA6-9ECA82DB22BF}
		{778427DF-EB2C-5228-964E-6D535DE253CA} = {827E0CD3-B72D-47B6-A68D-7590B98EB39B}
		{F072040C-801B-4C45-9364-B50B5221A734} = {778427DF-EB2C-5228-964E-6D535DE253CA}
		{F3FB2A60-723D-4254-AF53-6198F437956F} = {0AB3BF05-4346-4AA6-1389-037BE0695223}
		{EC447DCF-ABFA-6E24-52A5-D7FD48A5C558} = {827E0CD3-B72D-47B6-A68D-7590B98EB39B}
		{24F28DB0-32C4-F3BC-40FC-585FC5DDCEFD} = {EC447DCF-ABFA-6E24-52A5-D7FD48A5C558}
		{4F890741-2642-4328-A3EC-025EFFAD4C20} = {24F28DB0-32C4-F3BC-40FC-585FC5DDCEFD}
		{53955E91-B9EA-4949-951E-47130A031818} = {24F28DB0-32C4-F3BC-40FC-585FC5DDCEFD}
		{6E5F67F2-EE17-4AD8-9D94-643E731A08D9} = {24F28DB0-32C4-F3BC-40FC-585FC5DDCEFD}
		{1D01618D-B0DA-4C6D-B67B-3A606E22E2F0} = {0AB3BF05-4346-4AA6-1389-037BE0695223}
	EndGlobalSection
	GlobalSection(ExtensibilityGlobals) = postSolution
		SolutionGuid = {54E6D1AE-D504-4776-81EB-21EFFFDA4627}
	EndGlobalSection
EndGlobal
